// !$*UTF8*$!
{
	archiveVersion = 1;
	classes = {
	};
	objectVersion = 52;
	objects = {

/* Begin PBXBuildFile section */
		50086CA623A21095002613B7 /* Input+Day12.swift in Sources */ = {isa = PBXBuildFile; fileRef = 50086CA523A21095002613B7 /* Input+Day12.swift */; };
		50086CA823A2109E002613B7 /* Day12.swift in Sources */ = {isa = PBXBuildFile; fileRef = 50086CA723A2109E002613B7 /* Day12.swift */; };
		50086CAB23A21449002613B7 /* Day12.txt in Resources */ = {isa = PBXBuildFile; fileRef = 50086CAA23A21449002613B7 /* Day12.txt */; };
		50086CAD23A21461002613B7 /* Day12Tests.swift in Sources */ = {isa = PBXBuildFile; fileRef = 50086CAC23A21461002613B7 /* Day12Tests.swift */; };
		50086CAF23A229C3002613B7 /* Day12Example1.txt in Resources */ = {isa = PBXBuildFile; fileRef = 50086CAE23A229C3002613B7 /* Day12Example1.txt */; };
		50086CB223A244E4002613B7 /* Day12Example2.txt in Resources */ = {isa = PBXBuildFile; fileRef = 50086CB123A244E4002613B7 /* Day12Example2.txt */; };
		50086CCF23A36B69002613B7 /* Input+Day13.swift in Sources */ = {isa = PBXBuildFile; fileRef = 50086CCE23A36B69002613B7 /* Input+Day13.swift */; };
		50086CD123A36B83002613B7 /* Day13.swift in Sources */ = {isa = PBXBuildFile; fileRef = 50086CD023A36B83002613B7 /* Day13.swift */; };
		50086CD323A36BE1002613B7 /* Day13Tests.swift in Sources */ = {isa = PBXBuildFile; fileRef = 50086CD223A36BE1002613B7 /* Day13Tests.swift */; };
		50086CD623A36C1B002613B7 /* Day13.txt in Resources */ = {isa = PBXBuildFile; fileRef = 50086CD523A36C1B002613B7 /* Day13.txt */; };
		50086CD823A36CC3002613B7 /* Tile.swift in Sources */ = {isa = PBXBuildFile; fileRef = 50086CD723A36CC3002613B7 /* Tile.swift */; };
		50086D1E23A4B6D4002613B7 /* Input+Day14.swift in Sources */ = {isa = PBXBuildFile; fileRef = 50086D1D23A4B6D4002613B7 /* Input+Day14.swift */; };
		50086D2023A4B6DE002613B7 /* Day14.swift in Sources */ = {isa = PBXBuildFile; fileRef = 50086D1F23A4B6DE002613B7 /* Day14.swift */; };
		50086D2323A4B6F7002613B7 /* Day14.txt in Resources */ = {isa = PBXBuildFile; fileRef = 50086D2223A4B6F7002613B7 /* Day14.txt */; };
		50086D2523A4B78F002613B7 /* Day14Example1.txt in Resources */ = {isa = PBXBuildFile; fileRef = 50086D2423A4B78F002613B7 /* Day14Example1.txt */; };
		50086D2723A4B7A6002613B7 /* Day14Example2.txt in Resources */ = {isa = PBXBuildFile; fileRef = 50086D2623A4B7A6002613B7 /* Day14Example2.txt */; };
		50086D2923A4B7BD002613B7 /* Day14Example3.txt in Resources */ = {isa = PBXBuildFile; fileRef = 50086D2823A4B7BD002613B7 /* Day14Example3.txt */; };
		50086D2B23A4BCC1002613B7 /* Day14Tests.swift in Sources */ = {isa = PBXBuildFile; fileRef = 50086D2A23A4BCC1002613B7 /* Day14Tests.swift */; };
		50086D2D23A4E85C002613B7 /* Day14Example4.txt in Resources */ = {isa = PBXBuildFile; fileRef = 50086D2C23A4E85C002613B7 /* Day14Example4.txt */; };
		50086D2F23A4E893002613B7 /* Day14Example5.txt in Resources */ = {isa = PBXBuildFile; fileRef = 50086D2E23A4E893002613B7 /* Day14Example5.txt */; };
		50086D3223A60A27002613B7 /* Input+Day15.swift in Sources */ = {isa = PBXBuildFile; fileRef = 50086D3123A60A27002613B7 /* Input+Day15.swift */; };
		50086D3423A60A34002613B7 /* Day15.swift in Sources */ = {isa = PBXBuildFile; fileRef = 50086D3323A60A34002613B7 /* Day15.swift */; };
		50086D3623A60A48002613B7 /* Day15.txt in Resources */ = {isa = PBXBuildFile; fileRef = 50086D3523A60A48002613B7 /* Day15.txt */; };
		50086D3923A6108E002613B7 /* Day15Tests.swift in Sources */ = {isa = PBXBuildFile; fileRef = 50086D3823A6108D002613B7 /* Day15Tests.swift */; };
		50086D3C23A76047002613B7 /* Day16.txt in Resources */ = {isa = PBXBuildFile; fileRef = 50086D3B23A76047002613B7 /* Day16.txt */; };
		50086D3F23A76075002613B7 /* Day16.swift in Sources */ = {isa = PBXBuildFile; fileRef = 50086D3E23A76075002613B7 /* Day16.swift */; };
		50086D4123A76081002613B7 /* Input+Day16.swift in Sources */ = {isa = PBXBuildFile; fileRef = 50086D4023A76081002613B7 /* Input+Day16.swift */; };
		50086D4323A762D0002613B7 /* Day16Example1.txt in Resources */ = {isa = PBXBuildFile; fileRef = 50086D4223A762D0002613B7 /* Day16Example1.txt */; };
		50086D4523A7679B002613B7 /* Day16Tests.swift in Sources */ = {isa = PBXBuildFile; fileRef = 50086D4423A7679B002613B7 /* Day16Tests.swift */; };
		50086D4723A76EE8002613B7 /* Day16Example2.txt in Resources */ = {isa = PBXBuildFile; fileRef = 50086D4623A76EE8002613B7 /* Day16Example2.txt */; };
		50086D6323A7AB96002613B7 /* Day16Part2Example1.txt in Resources */ = {isa = PBXBuildFile; fileRef = 50086D6223A7AB96002613B7 /* Day16Part2Example1.txt */; };
		50086D6623A8A779002613B7 /* Input+Day17.swift in Sources */ = {isa = PBXBuildFile; fileRef = 50086D6523A8A779002613B7 /* Input+Day17.swift */; };
		50086D6823A8A781002613B7 /* Day17.swift in Sources */ = {isa = PBXBuildFile; fileRef = 50086D6723A8A781002613B7 /* Day17.swift */; };
		50086D6B23A8A7A0002613B7 /* Day17.txt in Resources */ = {isa = PBXBuildFile; fileRef = 50086D6A23A8A7A0002613B7 /* Day17.txt */; };
		50086D6D23A8A7AE002613B7 /* Day17Part2.txt in Resources */ = {isa = PBXBuildFile; fileRef = 50086D6C23A8A7AE002613B7 /* Day17Part2.txt */; };
		50086D6F23A8A922002613B7 /* Day17Tests.swift in Sources */ = {isa = PBXBuildFile; fileRef = 50086D6E23A8A922002613B7 /* Day17Tests.swift */; };
		50086D8D23AA9BC0002613B7 /* Input+Day18.swift in Sources */ = {isa = PBXBuildFile; fileRef = 50086D8C23AA9BC0002613B7 /* Input+Day18.swift */; };
		50086D8F23AA9BCB002613B7 /* Day18.swift in Sources */ = {isa = PBXBuildFile; fileRef = 50086D8E23AA9BCB002613B7 /* Day18.swift */; };
		50086D9123AA9BFC002613B7 /* Day18Tests.swift in Sources */ = {isa = PBXBuildFile; fileRef = 50086D9023AA9BFC002613B7 /* Day18Tests.swift */; };
		50086D9323AA9C1D002613B7 /* MazeTile.swift in Sources */ = {isa = PBXBuildFile; fileRef = 50086D9223AA9C1D002613B7 /* MazeTile.swift */; };
		50086D9623AA9C8C002613B7 /* Day18.txt in Resources */ = {isa = PBXBuildFile; fileRef = 50086D9523AA9C8C002613B7 /* Day18.txt */; };
		50086D9923ACB893002613B7 /* Day19.swift in Sources */ = {isa = PBXBuildFile; fileRef = 50086D9823ACB893002613B7 /* Day19.swift */; };
		50086D9B23ACB89F002613B7 /* Input+Day19.swift in Sources */ = {isa = PBXBuildFile; fileRef = 50086D9A23ACB89F002613B7 /* Input+Day19.swift */; };
		50086D9E23ACB917002613B7 /* Day19.txt in Resources */ = {isa = PBXBuildFile; fileRef = 50086D9D23ACB917002613B7 /* Day19.txt */; };
		50086DA023ACBBBE002613B7 /* Day19Tests.swift in Sources */ = {isa = PBXBuildFile; fileRef = 50086D9F23ACBBBE002613B7 /* Day19Tests.swift */; };
		50086DA423B11818002613B7 /* Input+Day20.swift in Sources */ = {isa = PBXBuildFile; fileRef = 50086DA323B11818002613B7 /* Input+Day20.swift */; };
		50086DA623B11821002613B7 /* Day20.swift in Sources */ = {isa = PBXBuildFile; fileRef = 50086DA523B11821002613B7 /* Day20.swift */; };
		500DAF7E239545A30081CC21 /* AdventOfCode.framework in Frameworks */ = {isa = PBXBuildFile; fileRef = 500DAF74239545A30081CC21 /* AdventOfCode.framework */; };
		500DAF83239545A30081CC21 /* Tests.swift in Sources */ = {isa = PBXBuildFile; fileRef = 500DAF82239545A30081CC21 /* Tests.swift */; };
		500DAF85239545A30081CC21 /* AdventOfCode.h in Headers */ = {isa = PBXBuildFile; fileRef = 500DAF77239545A30081CC21 /* AdventOfCode.h */; settings = {ATTRIBUTES = (Public, ); }; };
		500DAF8F239545BA0081CC21 /* Day1.swift in Sources */ = {isa = PBXBuildFile; fileRef = 500DAF8E239545BA0081CC21 /* Day1.swift */; };
		500DAF92239546010081CC21 /* Input.swift in Sources */ = {isa = PBXBuildFile; fileRef = 500DAF91239546010081CC21 /* Input.swift */; };
		500DAF94239548920081CC21 /* Input+Day1.swift in Sources */ = {isa = PBXBuildFile; fileRef = 500DAF93239548920081CC21 /* Input+Day1.swift */; };
		500DAF9823954BF20081CC21 /* Day1.txt in Resources */ = {isa = PBXBuildFile; fileRef = 500DAF95239548D20081CC21 /* Day1.txt */; };
		500DAF9D2395510C0081CC21 /* Day2.swift in Sources */ = {isa = PBXBuildFile; fileRef = 500DAF9C2395510C0081CC21 /* Day2.swift */; };
		500DAF9F239551180081CC21 /* Input+Day2.swift in Sources */ = {isa = PBXBuildFile; fileRef = 500DAF9E239551180081CC21 /* Input+Day2.swift */; };
		500DAFA22395528A0081CC21 /* Day2.txt in Resources */ = {isa = PBXBuildFile; fileRef = 500DAFA0239551DB0081CC21 /* Day2.txt */; };
		500DAFA423963CE10081CC21 /* Day3.txt in Resources */ = {isa = PBXBuildFile; fileRef = 500DAFA323963CE10081CC21 /* Day3.txt */; };
		500DAFA923963D320081CC21 /* Input+Day3.swift in Sources */ = {isa = PBXBuildFile; fileRef = 500DAFA823963D320081CC21 /* Input+Day3.swift */; };
		500DAFAB239642EB0081CC21 /* Day3.swift in Sources */ = {isa = PBXBuildFile; fileRef = 500DAFAA239642EB0081CC21 /* Day3.swift */; };
		500DAFAD23964ADA0081CC21 /* Day3Tests.swift in Sources */ = {isa = PBXBuildFile; fileRef = 500DAFAC23964ADA0081CC21 /* Day3Tests.swift */; };
		500DAFB023964C290081CC21 /* Day3Test1.txt in Resources */ = {isa = PBXBuildFile; fileRef = 500DAFAF23964C290081CC21 /* Day3Test1.txt */; };
		500DAFB223965C1B0081CC21 /* Day3Test2.txt in Resources */ = {isa = PBXBuildFile; fileRef = 500DAFB123965C1B0081CC21 /* Day3Test2.txt */; };
		500DAFB5239672C40081CC21 /* Day3Test3.txt in Resources */ = {isa = PBXBuildFile; fileRef = 500DAFB4239672C40081CC21 /* Day3Test3.txt */; };
		50254010257CABBD00208CC2 /* Day6_2020.swift in Sources */ = {isa = PBXBuildFile; fileRef = 5025400F257CABA800208CC2 /* Day6_2020.swift */; };
		50254015257CABE300208CC2 /* Day62020.txt in Resources */ = {isa = PBXBuildFile; fileRef = 50254014257CABE300208CC2 /* Day62020.txt */; };
		5025401D257CABF500208CC2 /* Day62020_Example1.txt in Resources */ = {isa = PBXBuildFile; fileRef = 5025401A257CABEA00208CC2 /* Day62020_Example1.txt */; };
		50254021257CAC2100208CC2 /* Day6Tests2020.swift in Sources */ = {isa = PBXBuildFile; fileRef = 50254020257CAC2100208CC2 /* Day6Tests2020.swift */; };
		5032D735257DFC9E00A0191D /* Day7_2020.swift in Sources */ = {isa = PBXBuildFile; fileRef = 5032D734257DFC9500A0191D /* Day7_2020.swift */; };
		5032D73E257DFD9300A0191D /* Day7Tests2020.swift in Sources */ = {isa = PBXBuildFile; fileRef = 5032D73D257DFD9300A0191D /* Day7Tests2020.swift */; };
		5032D749257E039C00A0191D /* Day72020_Example1.txt in Resources */ = {isa = PBXBuildFile; fileRef = 5032D73B257DFCB600A0191D /* Day72020_Example1.txt */; };
		5032D74C257E039F00A0191D /* Day72020.txt in Resources */ = {isa = PBXBuildFile; fileRef = 5032D73C257DFCB600A0191D /* Day72020.txt */; };
		5032D750257E0FFB00A0191D /* Day72020_Example2.txt in Resources */ = {isa = PBXBuildFile; fileRef = 5032D74F257E0FFB00A0191D /* Day72020_Example2.txt */; };
		504045B0257F4E4B00F756BE /* Day82020.swift in Sources */ = {isa = PBXBuildFile; fileRef = 504045AF257F4E4B00F756BE /* Day82020.swift */; };
		504045B7257F4E6600F756BE /* Da8Tests2020.swift in Sources */ = {isa = PBXBuildFile; fileRef = 504045B6257F4E6600F756BE /* Da8Tests2020.swift */; };
		504045BD257F53FB00F756BE /* Day82020_Example1.txt in Resources */ = {isa = PBXBuildFile; fileRef = 504045BC257F53FB00F756BE /* Day82020_Example1.txt */; };
		504045C1257F541300F756BE /* Day82020.txt in Resources */ = {isa = PBXBuildFile; fileRef = 504045C0257F541300F756BE /* Day82020.txt */; };
		504045C7257F663400F756BE /* Day82020PJsInput.txt in Resources */ = {isa = PBXBuildFile; fileRef = 504045C6257F663400F756BE /* Day82020PJsInput.txt */; };
		50424EDA25761FC300D77F8F /* Algorithms in Frameworks */ = {isa = PBXBuildFile; productRef = 50424ED925761FC300D77F8F /* Algorithms */; };
		50424EE42576200C00D77F8F /* Day1_2020.txt in Resources */ = {isa = PBXBuildFile; fileRef = 50424EE32576200C00D77F8F /* Day1_2020.txt */; };
		50424EEB2576203000D77F8F /* Day1_2020.swift in Sources */ = {isa = PBXBuildFile; fileRef = 50424EEA2576203000D77F8F /* Day1_2020.swift */; };
		50424EF12576207700D77F8F /* Input+NewLineExtension.swift in Sources */ = {isa = PBXBuildFile; fileRef = 50424EF02576207700D77F8F /* Input+NewLineExtension.swift */; };
		50424EF62576212B00D77F8F /* Day1Tests.swift in Sources */ = {isa = PBXBuildFile; fileRef = 50424EF52576212B00D77F8F /* Day1Tests.swift */; };
		504CA7A8257AC67500F088B2 /* Day52020_Example1.txt in Resources */ = {isa = PBXBuildFile; fileRef = 504CA7A7257AC67500F088B2 /* Day52020_Example1.txt */; };
		504CA7AE257AC68300F088B2 /* Day52020.txt in Resources */ = {isa = PBXBuildFile; fileRef = 504CA7AD257AC68300F088B2 /* Day52020.txt */; };
		504CA7B3257AC69000F088B2 /* Day5_2020.swift in Sources */ = {isa = PBXBuildFile; fileRef = 504CA7B2257AC68E00F088B2 /* Day5_2020.swift */; };
		504CA7B9257AC6B600F088B2 /* Day5Tests2020.swift in Sources */ = {isa = PBXBuildFile; fileRef = 504CA7B8257AC6B600F088B2 /* Day5Tests2020.swift */; };
		504CA7C9257AC6F300F088B2 /* Day52020_Example2.txt in Resources */ = {isa = PBXBuildFile; fileRef = 504CA7C4257AC6E500F088B2 /* Day52020_Example2.txt */; };
		506FF715257759CB0006055D /* Day2_2020.swift in Sources */ = {isa = PBXBuildFile; fileRef = 506FF714257759CB0006055D /* Day2_2020.swift */; };
		506FF719257759F10006055D /* PasswordPolicy.swift in Sources */ = {isa = PBXBuildFile; fileRef = 506FF718257759F10006055D /* PasswordPolicy.swift */; };
		506FF72025775A8F0006055D /* Day2_2020.txt in Resources */ = {isa = PBXBuildFile; fileRef = 506FF71F25775A8F0006055D /* Day2_2020.txt */; };
		506FF72425775AB70006055D /* Day2Example1_2020.txt in Resources */ = {isa = PBXBuildFile; fileRef = 506FF72325775AB70006055D /* Day2Example1_2020.txt */; };
		506FF72825775ACB0006055D /* Day2Tests2020.swift in Sources */ = {isa = PBXBuildFile; fileRef = 506FF72725775ACB0006055D /* Day2Tests2020.swift */; };
		506FF72C25775B440006055D /* Input+Day22020.swift in Sources */ = {isa = PBXBuildFile; fileRef = 506FF72B25775B440006055D /* Input+Day22020.swift */; };
		506FF73125776B1B0006055D /* String+Extension.swift in Sources */ = {isa = PBXBuildFile; fileRef = 506FF73025776B1B0006055D /* String+Extension.swift */; };
		506FF7372578BA9D0006055D /* Day3_2020.swift in Sources */ = {isa = PBXBuildFile; fileRef = 506FF7362578BA9D0006055D /* Day3_2020.swift */; };
		506FF73D2578BACE0006055D /* Day32020_Example1.txt in Resources */ = {isa = PBXBuildFile; fileRef = 506FF73C2578BACE0006055D /* Day32020_Example1.txt */; };
		506FF7472578C28A0006055D /* Day3Tests2020.swift in Sources */ = {isa = PBXBuildFile; fileRef = 506FF7462578C28A0006055D /* Day3Tests2020.swift */; };
		506FF74E2578C5BF0006055D /* Day32020.txt in Resources */ = {isa = PBXBuildFile; fileRef = 506FF74D2578C5BF0006055D /* Day32020.txt */; };
		506FF7C2257A0D7A0006055D /* Day4Tests2020.swift in Sources */ = {isa = PBXBuildFile; fileRef = 506FF7C1257A0D7A0006055D /* Day4Tests2020.swift */; };
		506FF7CB257A0DC70006055D /* Day42020_Example1.txt in Resources */ = {isa = PBXBuildFile; fileRef = 506FF7CA257A0DC70006055D /* Day42020_Example1.txt */; };
		506FF7CE257A0E6C0006055D /* Day4_2020.swift in Sources */ = {isa = PBXBuildFile; fileRef = 506FF7BE257A08EA0006055D /* Day4_2020.swift */; };
		506FF7D2257A129A0006055D /* Day42020.txt in Resources */ = {isa = PBXBuildFile; fileRef = 506FF7D1257A129A0006055D /* Day42020.txt */; };
		506FF7D8257A1FDF0006055D /* Day42020_Example2.txt in Resources */ = {isa = PBXBuildFile; fileRef = 506FF7D7257A1FDF0006055D /* Day42020_Example2.txt */; };
		50936C9423978DB2001F58F3 /* Day4.swift in Sources */ = {isa = PBXBuildFile; fileRef = 50936C9323978DB2001F58F3 /* Day4.swift */; };
		50936C9623978E3A001F58F3 /* Input+Day4.swift in Sources */ = {isa = PBXBuildFile; fileRef = 50936C9523978E3A001F58F3 /* Input+Day4.swift */; };
		50936C982397927C001F58F3 /* Day4Tests.swift in Sources */ = {isa = PBXBuildFile; fileRef = 50936C972397927C001F58F3 /* Day4Tests.swift */; };
		50936C9B23979310001F58F3 /* Day4Test1.txt in Resources */ = {isa = PBXBuildFile; fileRef = 50936C9A23979310001F58F3 /* Day4Test1.txt */; };
		50936C9D23979638001F58F3 /* Day4Test2.txt in Resources */ = {isa = PBXBuildFile; fileRef = 50936C9C23979638001F58F3 /* Day4Test2.txt */; };
		50936C9F23979CF5001F58F3 /* Day4Test3.txt in Resources */ = {isa = PBXBuildFile; fileRef = 50936C9E23979CF5001F58F3 /* Day4Test3.txt */; };
		50936CA32398D1BF001F58F3 /* Day5.swift in Sources */ = {isa = PBXBuildFile; fileRef = 50936CA22398D1BF001F58F3 /* Day5.swift */; };
		50936CA52398DF87001F58F3 /* Day5.txt in Resources */ = {isa = PBXBuildFile; fileRef = 50936CA42398DF87001F58F3 /* Day5.txt */; };
		50936CA72398DFA7001F58F3 /* Day5Tests.swift in Sources */ = {isa = PBXBuildFile; fileRef = 50936CA62398DFA7001F58F3 /* Day5Tests.swift */; };
		50936CA92398DFFE001F58F3 /* Input+Day5.swift in Sources */ = {isa = PBXBuildFile; fileRef = 50936CA82398DFFE001F58F3 /* Input+Day5.swift */; };
		50936CEC239A2913001F58F3 /* Input+Day6.swift in Sources */ = {isa = PBXBuildFile; fileRef = 50936CEB239A2913001F58F3 /* Input+Day6.swift */; };
		50936CEE239A291D001F58F3 /* Day6.swift in Sources */ = {isa = PBXBuildFile; fileRef = 50936CED239A291D001F58F3 /* Day6.swift */; };
		50936CF0239A2CBE001F58F3 /* Day6Tests.swift in Sources */ = {isa = PBXBuildFile; fileRef = 50936CEF239A2CBE001F58F3 /* Day6Tests.swift */; };
		50936CF3239A34C1001F58F3 /* Day6Test1.txt in Resources */ = {isa = PBXBuildFile; fileRef = 50936CF2239A34C1001F58F3 /* Day6Test1.txt */; };
		50936CF5239A470B001F58F3 /* Day6.txt in Resources */ = {isa = PBXBuildFile; fileRef = 50936CF4239A470B001F58F3 /* Day6.txt */; };
		50978A52239B82B60036AFA8 /* Day7.txt in Resources */ = {isa = PBXBuildFile; fileRef = 50978A51239B82B60036AFA8 /* Day7.txt */; };
		50978A54239B82CA0036AFA8 /* Day7Test1.txt in Resources */ = {isa = PBXBuildFile; fileRef = 50978A53239B82CA0036AFA8 /* Day7Test1.txt */; };
		50978A56239B83D00036AFA8 /* Input+Day7.swift in Sources */ = {isa = PBXBuildFile; fileRef = 50978A55239B83D00036AFA8 /* Input+Day7.swift */; };
		50978A58239B84010036AFA8 /* Day7.swift in Sources */ = {isa = PBXBuildFile; fileRef = 50978A57239B84010036AFA8 /* Day7.swift */; };
		50978A5C239B9B100036AFA8 /* Day7Tests.swift in Sources */ = {isa = PBXBuildFile; fileRef = 50978A5B239B9B100036AFA8 /* Day7Tests.swift */; };
		50978A5E239BDD630036AFA8 /* Day7Test2.txt in Resources */ = {isa = PBXBuildFile; fileRef = 50978A5D239BDD630036AFA8 /* Day7Test2.txt */; };
		50978A60239C1AD70036AFA8 /* IntCode.swift in Sources */ = {isa = PBXBuildFile; fileRef = 50978A5F239C1AD70036AFA8 /* IntCode.swift */; };
		50978A63239CCF9C0036AFA8 /* Input+Day8.swift in Sources */ = {isa = PBXBuildFile; fileRef = 50978A62239CCF9C0036AFA8 /* Input+Day8.swift */; };
		50978A66239CCFD30036AFA8 /* Day8.txt in Resources */ = {isa = PBXBuildFile; fileRef = 50978A65239CCFD30036AFA8 /* Day8.txt */; };
		50978A68239CD0670036AFA8 /* Day8.swift in Sources */ = {isa = PBXBuildFile; fileRef = 50978A67239CD0670036AFA8 /* Day8.swift */; };
		50978A6A239CD8C00036AFA8 /* Day8Tests.swift in Sources */ = {isa = PBXBuildFile; fileRef = 50978A69239CD8C00036AFA8 /* Day8Tests.swift */; };
		50978A6C239CD8CD0036AFA8 /* Day8Test1.txt in Resources */ = {isa = PBXBuildFile; fileRef = 50978A6B239CD8CD0036AFA8 /* Day8Test1.txt */; };
		50978A71239E10B60036AFA8 /* Input+Day9.swift in Sources */ = {isa = PBXBuildFile; fileRef = 50978A70239E10B60036AFA8 /* Input+Day9.swift */; };
		50978A73239E10D60036AFA8 /* Day9.swift in Sources */ = {isa = PBXBuildFile; fileRef = 50978A72239E10D60036AFA8 /* Day9.swift */; };
		50978A75239E11830036AFA8 /* Day9Tests.swift in Sources */ = {isa = PBXBuildFile; fileRef = 50978A74239E11830036AFA8 /* Day9Tests.swift */; };
		50978A78239E11D20036AFA8 /* Day9Test1.txt in Resources */ = {isa = PBXBuildFile; fileRef = 50978A77239E11D20036AFA8 /* Day9Test1.txt */; };
		50978A7C239E18860036AFA8 /* Day9Test2.txt in Resources */ = {isa = PBXBuildFile; fileRef = 50978A7B239E18860036AFA8 /* Day9Test2.txt */; };
		50978A7E239E18C30036AFA8 /* Day9Test3.txt in Resources */ = {isa = PBXBuildFile; fileRef = 50978A7D239E18C30036AFA8 /* Day9Test3.txt */; };
		50978A80239E18FD0036AFA8 /* Day9.txt in Resources */ = {isa = PBXBuildFile; fileRef = 50978A7F239E18FD0036AFA8 /* Day9.txt */; };
		50978AF5239F6DCB0036AFA8 /* Input+Day10.swift in Sources */ = {isa = PBXBuildFile; fileRef = 50978AF4239F6DCB0036AFA8 /* Input+Day10.swift */; };
		50978AF7239F6DD80036AFA8 /* Day10.swift in Sources */ = {isa = PBXBuildFile; fileRef = 50978AF6239F6DD80036AFA8 /* Day10.swift */; };
		50978AF9239F6FF90036AFA8 /* Day10Tests.swift in Sources */ = {isa = PBXBuildFile; fileRef = 50978AF8239F6FF90036AFA8 /* Day10Tests.swift */; };
		50978AFC239F70340036AFA8 /* Day10Test1.txt in Resources */ = {isa = PBXBuildFile; fileRef = 50978AFB239F70340036AFA8 /* Day10Test1.txt */; };
		50978AFE239F75660036AFA8 /* Day10Test2.txt in Resources */ = {isa = PBXBuildFile; fileRef = 50978AFD239F75660036AFA8 /* Day10Test2.txt */; };
		50978B00239F84150036AFA8 /* Day10Test3.txt in Resources */ = {isa = PBXBuildFile; fileRef = 50978AFF239F84150036AFA8 /* Day10Test3.txt */; };
		50978B02239F858F0036AFA8 /* Day10.txt in Resources */ = {isa = PBXBuildFile; fileRef = 50978B01239F858F0036AFA8 /* Day10.txt */; };
		50978B5D23A0B0910036AFA8 /* Input+Day11.swift in Sources */ = {isa = PBXBuildFile; fileRef = 50978B5C23A0B0910036AFA8 /* Input+Day11.swift */; };
		50978B5F23A0B0A70036AFA8 /* Day11.swift in Sources */ = {isa = PBXBuildFile; fileRef = 50978B5E23A0B0A70036AFA8 /* Day11.swift */; };
		50978B6223A0B1480036AFA8 /* Day11.txt in Resources */ = {isa = PBXBuildFile; fileRef = 50978B6123A0B1480036AFA8 /* Day11.txt */; };
		50978B6423A0B15C0036AFA8 /* Day11Tests.swift in Sources */ = {isa = PBXBuildFile; fileRef = 50978B6323A0B15C0036AFA8 /* Day11Tests.swift */; };
		50978B6723A0B3270036AFA8 /* Position.swift in Sources */ = {isa = PBXBuildFile; fileRef = 50978B6623A0B3270036AFA8 /* Position.swift */; };
		50978B6923A0B44E0036AFA8 /* Direction.swift in Sources */ = {isa = PBXBuildFile; fileRef = 50978B6823A0B44E0036AFA8 /* Direction.swift */; };
		50978B6B23A0B73B0036AFA8 /* Day11Test1.txt in Resources */ = {isa = PBXBuildFile; fileRef = 50978B6A23A0B73B0036AFA8 /* Day11Test1.txt */; };
		50BE7A3025809C7D008CD46C /* Day92020.swift in Sources */ = {isa = PBXBuildFile; fileRef = 50BE7A2F25809C7D008CD46C /* Day92020.swift */; };
		50BE7A3525809CA9008CD46C /* Day9Tests2020.swift in Sources */ = {isa = PBXBuildFile; fileRef = 50BE7A3425809CA9008CD46C /* Day9Tests2020.swift */; };
		50BE7A3C25809CDE008CD46C /* Day92020_Example1.txt in Resources */ = {isa = PBXBuildFile; fileRef = 50BE7A3A25809CD8008CD46C /* Day92020_Example1.txt */; };
		50BE7A3F25809CE2008CD46C /* Day92020.txt in Resources */ = {isa = PBXBuildFile; fileRef = 50BE7A3B25809CD8008CD46C /* Day92020.txt */; };
		50BE7AD72581E693008CD46C /* Day102020.swift in Sources */ = {isa = PBXBuildFile; fileRef = 50BE7AD62581E691008CD46C /* Day102020.swift */; };
		50BE7ADD2581E6BB008CD46C /* Day10Tests2020.swift in Sources */ = {isa = PBXBuildFile; fileRef = 50BE7ADC2581E6BB008CD46C /* Day10Tests2020.swift */; };
		50BE7AE92581E7AD008CD46C /* Day102020.txt in Resources */ = {isa = PBXBuildFile; fileRef = 50BE7AE82581E79F008CD46C /* Day102020.txt */; };
		50BE7AEC2581E7B0008CD46C /* Day102020_Example1.txt in Resources */ = {isa = PBXBuildFile; fileRef = 50BE7AE72581E79F008CD46C /* Day102020_Example1.txt */; };
		50BE7AF22581E893008CD46C /* Day102020_Example2.txt in Resources */ = {isa = PBXBuildFile; fileRef = 50BE7AEF2581E7C5008CD46C /* Day102020_Example2.txt */; };
		50BE7B0C25834021008CD46C /* Day112020_Example1.txt in Resources */ = {isa = PBXBuildFile; fileRef = 50BE7B0925834006008CD46C /* Day112020_Example1.txt */; };
		50BE7B0D25834021008CD46C /* Day112020.txt in Resources */ = {isa = PBXBuildFile; fileRef = 50BE7B0A25834006008CD46C /* Day112020.txt */; };
		50BE7B1125834028008CD46C /* Day12Tests2020.swift in Sources */ = {isa = PBXBuildFile; fileRef = 50BE7B1025834028008CD46C /* Day12Tests2020.swift */; };
		50BE7B1C2583413E008CD46C /* Day112020.swift in Sources */ = {isa = PBXBuildFile; fileRef = 50BE7B1B2583413E008CD46C /* Day112020.swift */; };
		50BE7B23258407BE008CD46C /* Day11Tests2020.swift in Sources */ = {isa = PBXBuildFile; fileRef = 50BE7B22258407BE008CD46C /* Day11Tests2020.swift */; };
		50BE7B32258408EB008CD46C /* Day122020.txt in Resources */ = {isa = PBXBuildFile; fileRef = 50BE7B31258408D9008CD46C /* Day122020.txt */; };
		50BE7B33258408EB008CD46C /* Day122020_Example1.txt in Resources */ = {isa = PBXBuildFile; fileRef = 50BE7B30258408D9008CD46C /* Day122020_Example1.txt */; };
		50BE7B3625849395008CD46C /* Day122020.swift in Sources */ = {isa = PBXBuildFile; fileRef = 50BE7B2C258407FC008CD46C /* Day122020.swift */; };
/* End PBXBuildFile section */

/* Begin PBXContainerItemProxy section */
		500DAF7F239545A30081CC21 /* PBXContainerItemProxy */ = {
			isa = PBXContainerItemProxy;
			containerPortal = 500DAF6B239545A30081CC21 /* Project object */;
			proxyType = 1;
			remoteGlobalIDString = 500DAF73239545A30081CC21;
			remoteInfo = AdventOfCode;
		};
/* End PBXContainerItemProxy section */

/* Begin PBXFileReference section */
		50086CA523A21095002613B7 /* Input+Day12.swift */ = {isa = PBXFileReference; lastKnownFileType = sourcecode.swift; path = "Input+Day12.swift"; sourceTree = "<group>"; };
		50086CA723A2109E002613B7 /* Day12.swift */ = {isa = PBXFileReference; lastKnownFileType = sourcecode.swift; path = Day12.swift; sourceTree = "<group>"; };
		50086CAA23A21449002613B7 /* Day12.txt */ = {isa = PBXFileReference; lastKnownFileType = text; path = Day12.txt; sourceTree = "<group>"; };
		50086CAC23A21461002613B7 /* Day12Tests.swift */ = {isa = PBXFileReference; lastKnownFileType = sourcecode.swift; path = Day12Tests.swift; sourceTree = "<group>"; };
		50086CAE23A229C3002613B7 /* Day12Example1.txt */ = {isa = PBXFileReference; lastKnownFileType = text; path = Day12Example1.txt; sourceTree = "<group>"; };
		50086CB123A244E4002613B7 /* Day12Example2.txt */ = {isa = PBXFileReference; lastKnownFileType = text; path = Day12Example2.txt; sourceTree = "<group>"; };
		50086CCE23A36B69002613B7 /* Input+Day13.swift */ = {isa = PBXFileReference; lastKnownFileType = sourcecode.swift; path = "Input+Day13.swift"; sourceTree = "<group>"; };
		50086CD023A36B83002613B7 /* Day13.swift */ = {isa = PBXFileReference; lastKnownFileType = sourcecode.swift; path = Day13.swift; sourceTree = "<group>"; };
		50086CD223A36BE1002613B7 /* Day13Tests.swift */ = {isa = PBXFileReference; lastKnownFileType = sourcecode.swift; path = Day13Tests.swift; sourceTree = "<group>"; };
		50086CD523A36C1B002613B7 /* Day13.txt */ = {isa = PBXFileReference; lastKnownFileType = text; path = Day13.txt; sourceTree = "<group>"; };
		50086CD723A36CC3002613B7 /* Tile.swift */ = {isa = PBXFileReference; lastKnownFileType = sourcecode.swift; path = Tile.swift; sourceTree = "<group>"; };
		50086D1D23A4B6D4002613B7 /* Input+Day14.swift */ = {isa = PBXFileReference; lastKnownFileType = sourcecode.swift; path = "Input+Day14.swift"; sourceTree = "<group>"; };
		50086D1F23A4B6DE002613B7 /* Day14.swift */ = {isa = PBXFileReference; lastKnownFileType = sourcecode.swift; path = Day14.swift; sourceTree = "<group>"; };
		50086D2223A4B6F7002613B7 /* Day14.txt */ = {isa = PBXFileReference; lastKnownFileType = text; path = Day14.txt; sourceTree = "<group>"; };
		50086D2423A4B78F002613B7 /* Day14Example1.txt */ = {isa = PBXFileReference; lastKnownFileType = text; path = Day14Example1.txt; sourceTree = "<group>"; };
		50086D2623A4B7A6002613B7 /* Day14Example2.txt */ = {isa = PBXFileReference; lastKnownFileType = text; path = Day14Example2.txt; sourceTree = "<group>"; };
		50086D2823A4B7BD002613B7 /* Day14Example3.txt */ = {isa = PBXFileReference; lastKnownFileType = text; path = Day14Example3.txt; sourceTree = "<group>"; };
		50086D2A23A4BCC1002613B7 /* Day14Tests.swift */ = {isa = PBXFileReference; lastKnownFileType = sourcecode.swift; path = Day14Tests.swift; sourceTree = "<group>"; };
		50086D2C23A4E85C002613B7 /* Day14Example4.txt */ = {isa = PBXFileReference; lastKnownFileType = text; path = Day14Example4.txt; sourceTree = "<group>"; };
		50086D2E23A4E893002613B7 /* Day14Example5.txt */ = {isa = PBXFileReference; lastKnownFileType = text; path = Day14Example5.txt; sourceTree = "<group>"; };
		50086D3123A60A27002613B7 /* Input+Day15.swift */ = {isa = PBXFileReference; lastKnownFileType = sourcecode.swift; path = "Input+Day15.swift"; sourceTree = "<group>"; };
		50086D3323A60A34002613B7 /* Day15.swift */ = {isa = PBXFileReference; lastKnownFileType = sourcecode.swift; path = Day15.swift; sourceTree = "<group>"; };
		50086D3523A60A48002613B7 /* Day15.txt */ = {isa = PBXFileReference; lastKnownFileType = text; path = Day15.txt; sourceTree = "<group>"; };
		50086D3823A6108D002613B7 /* Day15Tests.swift */ = {isa = PBXFileReference; lastKnownFileType = sourcecode.swift; path = Day15Tests.swift; sourceTree = "<group>"; };
		50086D3B23A76047002613B7 /* Day16.txt */ = {isa = PBXFileReference; lastKnownFileType = text; path = Day16.txt; sourceTree = "<group>"; };
		50086D3E23A76075002613B7 /* Day16.swift */ = {isa = PBXFileReference; lastKnownFileType = sourcecode.swift; path = Day16.swift; sourceTree = "<group>"; };
		50086D4023A76081002613B7 /* Input+Day16.swift */ = {isa = PBXFileReference; lastKnownFileType = sourcecode.swift; path = "Input+Day16.swift"; sourceTree = "<group>"; };
		50086D4223A762D0002613B7 /* Day16Example1.txt */ = {isa = PBXFileReference; lastKnownFileType = text; path = Day16Example1.txt; sourceTree = "<group>"; };
		50086D4423A7679B002613B7 /* Day16Tests.swift */ = {isa = PBXFileReference; lastKnownFileType = sourcecode.swift; path = Day16Tests.swift; sourceTree = "<group>"; };
		50086D4623A76EE8002613B7 /* Day16Example2.txt */ = {isa = PBXFileReference; lastKnownFileType = text; path = Day16Example2.txt; sourceTree = "<group>"; };
		50086D6223A7AB96002613B7 /* Day16Part2Example1.txt */ = {isa = PBXFileReference; lastKnownFileType = text; path = Day16Part2Example1.txt; sourceTree = "<group>"; };
		50086D6523A8A779002613B7 /* Input+Day17.swift */ = {isa = PBXFileReference; lastKnownFileType = sourcecode.swift; path = "Input+Day17.swift"; sourceTree = "<group>"; };
		50086D6723A8A781002613B7 /* Day17.swift */ = {isa = PBXFileReference; lastKnownFileType = sourcecode.swift; path = Day17.swift; sourceTree = "<group>"; };
		50086D6A23A8A7A0002613B7 /* Day17.txt */ = {isa = PBXFileReference; lastKnownFileType = text; path = Day17.txt; sourceTree = "<group>"; };
		50086D6C23A8A7AE002613B7 /* Day17Part2.txt */ = {isa = PBXFileReference; lastKnownFileType = text; path = Day17Part2.txt; sourceTree = "<group>"; };
		50086D6E23A8A922002613B7 /* Day17Tests.swift */ = {isa = PBXFileReference; lastKnownFileType = sourcecode.swift; path = Day17Tests.swift; sourceTree = "<group>"; };
		50086D8C23AA9BC0002613B7 /* Input+Day18.swift */ = {isa = PBXFileReference; lastKnownFileType = sourcecode.swift; path = "Input+Day18.swift"; sourceTree = "<group>"; };
		50086D8E23AA9BCB002613B7 /* Day18.swift */ = {isa = PBXFileReference; lastKnownFileType = sourcecode.swift; path = Day18.swift; sourceTree = "<group>"; };
		50086D9023AA9BFC002613B7 /* Day18Tests.swift */ = {isa = PBXFileReference; lastKnownFileType = sourcecode.swift; path = Day18Tests.swift; sourceTree = "<group>"; };
		50086D9223AA9C1D002613B7 /* MazeTile.swift */ = {isa = PBXFileReference; lastKnownFileType = sourcecode.swift; path = MazeTile.swift; sourceTree = "<group>"; };
		50086D9523AA9C8C002613B7 /* Day18.txt */ = {isa = PBXFileReference; lastKnownFileType = text; path = Day18.txt; sourceTree = "<group>"; };
		50086D9823ACB893002613B7 /* Day19.swift */ = {isa = PBXFileReference; lastKnownFileType = sourcecode.swift; path = Day19.swift; sourceTree = "<group>"; };
		50086D9A23ACB89F002613B7 /* Input+Day19.swift */ = {isa = PBXFileReference; lastKnownFileType = sourcecode.swift; path = "Input+Day19.swift"; sourceTree = "<group>"; };
		50086D9D23ACB917002613B7 /* Day19.txt */ = {isa = PBXFileReference; lastKnownFileType = text; path = Day19.txt; sourceTree = "<group>"; };
		50086D9F23ACBBBE002613B7 /* Day19Tests.swift */ = {isa = PBXFileReference; lastKnownFileType = sourcecode.swift; path = Day19Tests.swift; sourceTree = "<group>"; };
		50086DA323B11818002613B7 /* Input+Day20.swift */ = {isa = PBXFileReference; lastKnownFileType = sourcecode.swift; path = "Input+Day20.swift"; sourceTree = "<group>"; };
		50086DA523B11821002613B7 /* Day20.swift */ = {isa = PBXFileReference; lastKnownFileType = sourcecode.swift; path = Day20.swift; sourceTree = "<group>"; };
		500DAF74239545A30081CC21 /* AdventOfCode.framework */ = {isa = PBXFileReference; explicitFileType = wrapper.framework; includeInIndex = 0; path = AdventOfCode.framework; sourceTree = BUILT_PRODUCTS_DIR; };
		500DAF77239545A30081CC21 /* AdventOfCode.h */ = {isa = PBXFileReference; lastKnownFileType = sourcecode.c.h; path = AdventOfCode.h; sourceTree = "<group>"; };
		500DAF78239545A30081CC21 /* Info.plist */ = {isa = PBXFileReference; lastKnownFileType = text.plist.xml; path = Info.plist; sourceTree = "<group>"; };
		500DAF7D239545A30081CC21 /* AdventOfCodeTests.xctest */ = {isa = PBXFileReference; explicitFileType = wrapper.cfbundle; includeInIndex = 0; path = AdventOfCodeTests.xctest; sourceTree = BUILT_PRODUCTS_DIR; };
		500DAF82239545A30081CC21 /* Tests.swift */ = {isa = PBXFileReference; lastKnownFileType = sourcecode.swift; path = Tests.swift; sourceTree = "<group>"; };
		500DAF84239545A30081CC21 /* Info.plist */ = {isa = PBXFileReference; lastKnownFileType = text.plist.xml; path = Info.plist; sourceTree = "<group>"; };
		500DAF8E239545BA0081CC21 /* Day1.swift */ = {isa = PBXFileReference; lastKnownFileType = sourcecode.swift; path = Day1.swift; sourceTree = "<group>"; };
		500DAF91239546010081CC21 /* Input.swift */ = {isa = PBXFileReference; lastKnownFileType = sourcecode.swift; path = Input.swift; sourceTree = "<group>"; };
		500DAF93239548920081CC21 /* Input+Day1.swift */ = {isa = PBXFileReference; lastKnownFileType = sourcecode.swift; path = "Input+Day1.swift"; sourceTree = "<group>"; };
		500DAF95239548D20081CC21 /* Day1.txt */ = {isa = PBXFileReference; lastKnownFileType = text; path = Day1.txt; sourceTree = "<group>"; };
		500DAF9C2395510C0081CC21 /* Day2.swift */ = {isa = PBXFileReference; lastKnownFileType = sourcecode.swift; path = Day2.swift; sourceTree = "<group>"; };
		500DAF9E239551180081CC21 /* Input+Day2.swift */ = {isa = PBXFileReference; lastKnownFileType = sourcecode.swift; path = "Input+Day2.swift"; sourceTree = "<group>"; };
		500DAFA0239551DB0081CC21 /* Day2.txt */ = {isa = PBXFileReference; lastKnownFileType = text; path = Day2.txt; sourceTree = "<group>"; };
		500DAFA323963CE10081CC21 /* Day3.txt */ = {isa = PBXFileReference; lastKnownFileType = text; path = Day3.txt; sourceTree = "<group>"; };
		500DAFA823963D320081CC21 /* Input+Day3.swift */ = {isa = PBXFileReference; lastKnownFileType = sourcecode.swift; path = "Input+Day3.swift"; sourceTree = "<group>"; };
		500DAFAA239642EB0081CC21 /* Day3.swift */ = {isa = PBXFileReference; lastKnownFileType = sourcecode.swift; path = Day3.swift; sourceTree = "<group>"; };
		500DAFAC23964ADA0081CC21 /* Day3Tests.swift */ = {isa = PBXFileReference; lastKnownFileType = sourcecode.swift; path = Day3Tests.swift; sourceTree = "<group>"; };
		500DAFAF23964C290081CC21 /* Day3Test1.txt */ = {isa = PBXFileReference; lastKnownFileType = text; path = Day3Test1.txt; sourceTree = "<group>"; };
		500DAFB123965C1B0081CC21 /* Day3Test2.txt */ = {isa = PBXFileReference; lastKnownFileType = text; path = Day3Test2.txt; sourceTree = "<group>"; };
		500DAFB4239672C40081CC21 /* Day3Test3.txt */ = {isa = PBXFileReference; lastKnownFileType = text; path = Day3Test3.txt; sourceTree = "<group>"; };
		5025400F257CABA800208CC2 /* Day6_2020.swift */ = {isa = PBXFileReference; lastKnownFileType = sourcecode.swift; path = Day6_2020.swift; sourceTree = "<group>"; };
		50254014257CABE300208CC2 /* Day62020.txt */ = {isa = PBXFileReference; lastKnownFileType = text; path = Day62020.txt; sourceTree = "<group>"; };
		5025401A257CABEA00208CC2 /* Day62020_Example1.txt */ = {isa = PBXFileReference; lastKnownFileType = text; path = Day62020_Example1.txt; sourceTree = "<group>"; };
		50254020257CAC2100208CC2 /* Day6Tests2020.swift */ = {isa = PBXFileReference; lastKnownFileType = sourcecode.swift; path = Day6Tests2020.swift; sourceTree = "<group>"; };
		5032D734257DFC9500A0191D /* Day7_2020.swift */ = {isa = PBXFileReference; lastKnownFileType = sourcecode.swift; path = Day7_2020.swift; sourceTree = "<group>"; };
		5032D739257DFCB600A0191D /* Day62020_Example1.txt */ = {isa = PBXFileReference; lastKnownFileType = text; path = Day62020_Example1.txt; sourceTree = "<group>"; };
		5032D73A257DFCB600A0191D /* Day62020.txt */ = {isa = PBXFileReference; lastKnownFileType = text; path = Day62020.txt; sourceTree = "<group>"; };
		5032D73B257DFCB600A0191D /* Day72020_Example1.txt */ = {isa = PBXFileReference; lastKnownFileType = text; path = Day72020_Example1.txt; sourceTree = "<group>"; };
		5032D73C257DFCB600A0191D /* Day72020.txt */ = {isa = PBXFileReference; lastKnownFileType = text; path = Day72020.txt; sourceTree = "<group>"; };
		5032D73D257DFD9300A0191D /* Day7Tests2020.swift */ = {isa = PBXFileReference; lastKnownFileType = sourcecode.swift; path = Day7Tests2020.swift; sourceTree = "<group>"; };
		5032D74F257E0FFB00A0191D /* Day72020_Example2.txt */ = {isa = PBXFileReference; lastKnownFileType = text; path = Day72020_Example2.txt; sourceTree = "<group>"; };
		504045AF257F4E4B00F756BE /* Day82020.swift */ = {isa = PBXFileReference; lastKnownFileType = sourcecode.swift; path = Day82020.swift; sourceTree = "<group>"; };
		504045B6257F4E6600F756BE /* Da8Tests2020.swift */ = {isa = PBXFileReference; lastKnownFileType = sourcecode.swift; path = Da8Tests2020.swift; sourceTree = "<group>"; };
		504045BC257F53FB00F756BE /* Day82020_Example1.txt */ = {isa = PBXFileReference; lastKnownFileType = text; path = Day82020_Example1.txt; sourceTree = "<group>"; };
		504045C0257F541300F756BE /* Day82020.txt */ = {isa = PBXFileReference; lastKnownFileType = text; path = Day82020.txt; sourceTree = "<group>"; };
		504045C6257F663400F756BE /* Day82020PJsInput.txt */ = {isa = PBXFileReference; lastKnownFileType = text; path = Day82020PJsInput.txt; sourceTree = "<group>"; };
		50424EE32576200C00D77F8F /* Day1_2020.txt */ = {isa = PBXFileReference; lastKnownFileType = text; path = Day1_2020.txt; sourceTree = "<group>"; };
		50424EEA2576203000D77F8F /* Day1_2020.swift */ = {isa = PBXFileReference; lastKnownFileType = sourcecode.swift; path = Day1_2020.swift; sourceTree = "<group>"; };
		50424EF02576207700D77F8F /* Input+NewLineExtension.swift */ = {isa = PBXFileReference; lastKnownFileType = sourcecode.swift; path = "Input+NewLineExtension.swift"; sourceTree = "<group>"; };
		50424EF52576212B00D77F8F /* Day1Tests.swift */ = {isa = PBXFileReference; lastKnownFileType = sourcecode.swift; path = Day1Tests.swift; sourceTree = "<group>"; };
		504CA7A7257AC67500F088B2 /* Day52020_Example1.txt */ = {isa = PBXFileReference; lastKnownFileType = text; path = Day52020_Example1.txt; sourceTree = "<group>"; };
		504CA7AD257AC68300F088B2 /* Day52020.txt */ = {isa = PBXFileReference; lastKnownFileType = text; path = Day52020.txt; sourceTree = "<group>"; };
		504CA7B2257AC68E00F088B2 /* Day5_2020.swift */ = {isa = PBXFileReference; lastKnownFileType = sourcecode.swift; path = Day5_2020.swift; sourceTree = "<group>"; };
		504CA7B8257AC6B600F088B2 /* Day5Tests2020.swift */ = {isa = PBXFileReference; lastKnownFileType = sourcecode.swift; path = Day5Tests2020.swift; sourceTree = "<group>"; };
		504CA7C4257AC6E500F088B2 /* Day52020_Example2.txt */ = {isa = PBXFileReference; lastKnownFileType = text; path = Day52020_Example2.txt; sourceTree = "<group>"; };
		506FF714257759CB0006055D /* Day2_2020.swift */ = {isa = PBXFileReference; lastKnownFileType = sourcecode.swift; path = Day2_2020.swift; sourceTree = "<group>"; };
		506FF718257759F10006055D /* PasswordPolicy.swift */ = {isa = PBXFileReference; lastKnownFileType = sourcecode.swift; path = PasswordPolicy.swift; sourceTree = "<group>"; };
		506FF71F25775A8F0006055D /* Day2_2020.txt */ = {isa = PBXFileReference; lastKnownFileType = text; path = Day2_2020.txt; sourceTree = "<group>"; };
		506FF72325775AB70006055D /* Day2Example1_2020.txt */ = {isa = PBXFileReference; lastKnownFileType = text; path = Day2Example1_2020.txt; sourceTree = "<group>"; };
		506FF72725775ACB0006055D /* Day2Tests2020.swift */ = {isa = PBXFileReference; lastKnownFileType = sourcecode.swift; path = Day2Tests2020.swift; sourceTree = "<group>"; };
		506FF72B25775B440006055D /* Input+Day22020.swift */ = {isa = PBXFileReference; lastKnownFileType = sourcecode.swift; path = "Input+Day22020.swift"; sourceTree = "<group>"; };
		506FF73025776B1B0006055D /* String+Extension.swift */ = {isa = PBXFileReference; lastKnownFileType = sourcecode.swift; path = "String+Extension.swift"; sourceTree = "<group>"; };
		506FF7362578BA9D0006055D /* Day3_2020.swift */ = {isa = PBXFileReference; lastKnownFileType = sourcecode.swift; path = Day3_2020.swift; sourceTree = "<group>"; };
		506FF73C2578BACE0006055D /* Day32020_Example1.txt */ = {isa = PBXFileReference; lastKnownFileType = text; path = Day32020_Example1.txt; sourceTree = "<group>"; };
		506FF7462578C28A0006055D /* Day3Tests2020.swift */ = {isa = PBXFileReference; lastKnownFileType = sourcecode.swift; path = Day3Tests2020.swift; sourceTree = "<group>"; };
		506FF74D2578C5BF0006055D /* Day32020.txt */ = {isa = PBXFileReference; lastKnownFileType = text; path = Day32020.txt; sourceTree = "<group>"; };
		506FF7BE257A08EA0006055D /* Day4_2020.swift */ = {isa = PBXFileReference; lastKnownFileType = sourcecode.swift; path = Day4_2020.swift; sourceTree = "<group>"; };
		506FF7C1257A0D7A0006055D /* Day4Tests2020.swift */ = {isa = PBXFileReference; lastKnownFileType = sourcecode.swift; path = Day4Tests2020.swift; sourceTree = "<group>"; };
		506FF7CA257A0DC70006055D /* Day42020_Example1.txt */ = {isa = PBXFileReference; lastKnownFileType = text; path = Day42020_Example1.txt; sourceTree = "<group>"; };
		506FF7D1257A129A0006055D /* Day42020.txt */ = {isa = PBXFileReference; lastKnownFileType = text; path = Day42020.txt; sourceTree = "<group>"; };
		506FF7D7257A1FDF0006055D /* Day42020_Example2.txt */ = {isa = PBXFileReference; lastKnownFileType = text; path = Day42020_Example2.txt; sourceTree = "<group>"; };
		50936C9323978DB2001F58F3 /* Day4.swift */ = {isa = PBXFileReference; lastKnownFileType = sourcecode.swift; path = Day4.swift; sourceTree = "<group>"; };
		50936C9523978E3A001F58F3 /* Input+Day4.swift */ = {isa = PBXFileReference; lastKnownFileType = sourcecode.swift; path = "Input+Day4.swift"; sourceTree = "<group>"; };
		50936C972397927C001F58F3 /* Day4Tests.swift */ = {isa = PBXFileReference; lastKnownFileType = sourcecode.swift; path = Day4Tests.swift; sourceTree = "<group>"; };
		50936C9A23979310001F58F3 /* Day4Test1.txt */ = {isa = PBXFileReference; lastKnownFileType = text; path = Day4Test1.txt; sourceTree = "<group>"; };
		50936C9C23979638001F58F3 /* Day4Test2.txt */ = {isa = PBXFileReference; lastKnownFileType = text; path = Day4Test2.txt; sourceTree = "<group>"; };
		50936C9E23979CF5001F58F3 /* Day4Test3.txt */ = {isa = PBXFileReference; lastKnownFileType = text; path = Day4Test3.txt; sourceTree = "<group>"; };
		50936CA22398D1BF001F58F3 /* Day5.swift */ = {isa = PBXFileReference; lastKnownFileType = sourcecode.swift; path = Day5.swift; sourceTree = "<group>"; };
		50936CA42398DF87001F58F3 /* Day5.txt */ = {isa = PBXFileReference; lastKnownFileType = text; path = Day5.txt; sourceTree = "<group>"; };
		50936CA62398DFA7001F58F3 /* Day5Tests.swift */ = {isa = PBXFileReference; lastKnownFileType = sourcecode.swift; path = Day5Tests.swift; sourceTree = "<group>"; };
		50936CA82398DFFE001F58F3 /* Input+Day5.swift */ = {isa = PBXFileReference; lastKnownFileType = sourcecode.swift; path = "Input+Day5.swift"; sourceTree = "<group>"; };
		50936CEB239A2913001F58F3 /* Input+Day6.swift */ = {isa = PBXFileReference; lastKnownFileType = sourcecode.swift; path = "Input+Day6.swift"; sourceTree = "<group>"; };
		50936CED239A291D001F58F3 /* Day6.swift */ = {isa = PBXFileReference; lastKnownFileType = sourcecode.swift; path = Day6.swift; sourceTree = "<group>"; };
		50936CEF239A2CBE001F58F3 /* Day6Tests.swift */ = {isa = PBXFileReference; lastKnownFileType = sourcecode.swift; path = Day6Tests.swift; sourceTree = "<group>"; };
		50936CF2239A34C1001F58F3 /* Day6Test1.txt */ = {isa = PBXFileReference; lastKnownFileType = text; path = Day6Test1.txt; sourceTree = "<group>"; };
		50936CF4239A470B001F58F3 /* Day6.txt */ = {isa = PBXFileReference; lastKnownFileType = text; path = Day6.txt; sourceTree = "<group>"; };
		50978A51239B82B60036AFA8 /* Day7.txt */ = {isa = PBXFileReference; lastKnownFileType = text; path = Day7.txt; sourceTree = "<group>"; };
		50978A53239B82CA0036AFA8 /* Day7Test1.txt */ = {isa = PBXFileReference; lastKnownFileType = text; path = Day7Test1.txt; sourceTree = "<group>"; };
		50978A55239B83D00036AFA8 /* Input+Day7.swift */ = {isa = PBXFileReference; lastKnownFileType = sourcecode.swift; path = "Input+Day7.swift"; sourceTree = "<group>"; };
		50978A57239B84010036AFA8 /* Day7.swift */ = {isa = PBXFileReference; lastKnownFileType = sourcecode.swift; path = Day7.swift; sourceTree = "<group>"; };
		50978A5B239B9B100036AFA8 /* Day7Tests.swift */ = {isa = PBXFileReference; lastKnownFileType = sourcecode.swift; path = Day7Tests.swift; sourceTree = "<group>"; };
		50978A5D239BDD630036AFA8 /* Day7Test2.txt */ = {isa = PBXFileReference; lastKnownFileType = text; path = Day7Test2.txt; sourceTree = "<group>"; };
		50978A5F239C1AD70036AFA8 /* IntCode.swift */ = {isa = PBXFileReference; lastKnownFileType = sourcecode.swift; path = IntCode.swift; sourceTree = "<group>"; };
		50978A62239CCF9C0036AFA8 /* Input+Day8.swift */ = {isa = PBXFileReference; lastKnownFileType = sourcecode.swift; path = "Input+Day8.swift"; sourceTree = "<group>"; };
		50978A65239CCFD30036AFA8 /* Day8.txt */ = {isa = PBXFileReference; lastKnownFileType = text; path = Day8.txt; sourceTree = "<group>"; };
		50978A67239CD0670036AFA8 /* Day8.swift */ = {isa = PBXFileReference; lastKnownFileType = sourcecode.swift; path = Day8.swift; sourceTree = "<group>"; };
		50978A69239CD8C00036AFA8 /* Day8Tests.swift */ = {isa = PBXFileReference; lastKnownFileType = sourcecode.swift; path = Day8Tests.swift; sourceTree = "<group>"; };
		50978A6B239CD8CD0036AFA8 /* Day8Test1.txt */ = {isa = PBXFileReference; lastKnownFileType = text; path = Day8Test1.txt; sourceTree = "<group>"; };
		50978A70239E10B60036AFA8 /* Input+Day9.swift */ = {isa = PBXFileReference; lastKnownFileType = sourcecode.swift; path = "Input+Day9.swift"; sourceTree = "<group>"; };
		50978A72239E10D60036AFA8 /* Day9.swift */ = {isa = PBXFileReference; lastKnownFileType = sourcecode.swift; path = Day9.swift; sourceTree = "<group>"; };
		50978A74239E11830036AFA8 /* Day9Tests.swift */ = {isa = PBXFileReference; lastKnownFileType = sourcecode.swift; path = Day9Tests.swift; sourceTree = "<group>"; };
		50978A77239E11D20036AFA8 /* Day9Test1.txt */ = {isa = PBXFileReference; lastKnownFileType = text; path = Day9Test1.txt; sourceTree = "<group>"; };
		50978A7B239E18860036AFA8 /* Day9Test2.txt */ = {isa = PBXFileReference; lastKnownFileType = text; path = Day9Test2.txt; sourceTree = "<group>"; };
		50978A7D239E18C30036AFA8 /* Day9Test3.txt */ = {isa = PBXFileReference; lastKnownFileType = text; path = Day9Test3.txt; sourceTree = "<group>"; };
		50978A7F239E18FD0036AFA8 /* Day9.txt */ = {isa = PBXFileReference; lastKnownFileType = text; path = Day9.txt; sourceTree = "<group>"; };
		50978AF4239F6DCB0036AFA8 /* Input+Day10.swift */ = {isa = PBXFileReference; lastKnownFileType = sourcecode.swift; path = "Input+Day10.swift"; sourceTree = "<group>"; };
		50978AF6239F6DD80036AFA8 /* Day10.swift */ = {isa = PBXFileReference; lastKnownFileType = sourcecode.swift; path = Day10.swift; sourceTree = "<group>"; };
		50978AF8239F6FF90036AFA8 /* Day10Tests.swift */ = {isa = PBXFileReference; lastKnownFileType = sourcecode.swift; path = Day10Tests.swift; sourceTree = "<group>"; };
		50978AFB239F70340036AFA8 /* Day10Test1.txt */ = {isa = PBXFileReference; lastKnownFileType = text; path = Day10Test1.txt; sourceTree = "<group>"; };
		50978AFD239F75660036AFA8 /* Day10Test2.txt */ = {isa = PBXFileReference; lastKnownFileType = text; path = Day10Test2.txt; sourceTree = "<group>"; };
		50978AFF239F84150036AFA8 /* Day10Test3.txt */ = {isa = PBXFileReference; lastKnownFileType = text; path = Day10Test3.txt; sourceTree = "<group>"; };
		50978B01239F858F0036AFA8 /* Day10.txt */ = {isa = PBXFileReference; lastKnownFileType = text; path = Day10.txt; sourceTree = "<group>"; };
		50978B5C23A0B0910036AFA8 /* Input+Day11.swift */ = {isa = PBXFileReference; lastKnownFileType = sourcecode.swift; path = "Input+Day11.swift"; sourceTree = "<group>"; };
		50978B5E23A0B0A70036AFA8 /* Day11.swift */ = {isa = PBXFileReference; lastKnownFileType = sourcecode.swift; path = Day11.swift; sourceTree = "<group>"; };
		50978B6123A0B1480036AFA8 /* Day11.txt */ = {isa = PBXFileReference; lastKnownFileType = text; path = Day11.txt; sourceTree = "<group>"; };
		50978B6323A0B15C0036AFA8 /* Day11Tests.swift */ = {isa = PBXFileReference; lastKnownFileType = sourcecode.swift; path = Day11Tests.swift; sourceTree = "<group>"; };
		50978B6623A0B3270036AFA8 /* Position.swift */ = {isa = PBXFileReference; lastKnownFileType = sourcecode.swift; path = Position.swift; sourceTree = "<group>"; };
		50978B6823A0B44E0036AFA8 /* Direction.swift */ = {isa = PBXFileReference; lastKnownFileType = sourcecode.swift; path = Direction.swift; sourceTree = "<group>"; };
		50978B6A23A0B73B0036AFA8 /* Day11Test1.txt */ = {isa = PBXFileReference; lastKnownFileType = text; path = Day11Test1.txt; sourceTree = "<group>"; };
		50BE7A2F25809C7D008CD46C /* Day92020.swift */ = {isa = PBXFileReference; lastKnownFileType = sourcecode.swift; path = Day92020.swift; sourceTree = "<group>"; };
		50BE7A3425809CA9008CD46C /* Day9Tests2020.swift */ = {isa = PBXFileReference; lastKnownFileType = sourcecode.swift; path = Day9Tests2020.swift; sourceTree = "<group>"; };
		50BE7A3A25809CD8008CD46C /* Day92020_Example1.txt */ = {isa = PBXFileReference; lastKnownFileType = text; path = Day92020_Example1.txt; sourceTree = "<group>"; };
		50BE7A3B25809CD8008CD46C /* Day92020.txt */ = {isa = PBXFileReference; lastKnownFileType = text; path = Day92020.txt; sourceTree = "<group>"; };
		50BE7AD62581E691008CD46C /* Day102020.swift */ = {isa = PBXFileReference; lastKnownFileType = sourcecode.swift; path = Day102020.swift; sourceTree = "<group>"; };
		50BE7ADC2581E6BB008CD46C /* Day10Tests2020.swift */ = {isa = PBXFileReference; lastKnownFileType = sourcecode.swift; path = Day10Tests2020.swift; sourceTree = "<group>"; };
		50BE7AE72581E79F008CD46C /* Day102020_Example1.txt */ = {isa = PBXFileReference; lastKnownFileType = text; path = Day102020_Example1.txt; sourceTree = "<group>"; };
		50BE7AE82581E79F008CD46C /* Day102020.txt */ = {isa = PBXFileReference; lastKnownFileType = text; path = Day102020.txt; sourceTree = "<group>"; };
		50BE7AEF2581E7C5008CD46C /* Day102020_Example2.txt */ = {isa = PBXFileReference; lastKnownFileType = text; path = Day102020_Example2.txt; sourceTree = "<group>"; };
		50BE7B0925834006008CD46C /* Day112020_Example1.txt */ = {isa = PBXFileReference; lastKnownFileType = text; path = Day112020_Example1.txt; sourceTree = "<group>"; };
		50BE7B0A25834006008CD46C /* Day112020.txt */ = {isa = PBXFileReference; lastKnownFileType = text; path = Day112020.txt; sourceTree = "<group>"; };
		50BE7B1025834028008CD46C /* Day12Tests2020.swift */ = {isa = PBXFileReference; lastKnownFileType = sourcecode.swift; path = Day12Tests2020.swift; sourceTree = "<group>"; };
		50BE7B1B2583413E008CD46C /* Day112020.swift */ = {isa = PBXFileReference; lastKnownFileType = sourcecode.swift; path = Day112020.swift; sourceTree = "<group>"; };
		50BE7B22258407BE008CD46C /* Day11Tests2020.swift */ = {isa = PBXFileReference; lastKnownFileType = sourcecode.swift; path = Day11Tests2020.swift; sourceTree = "<group>"; };
		50BE7B2C258407FC008CD46C /* Day122020.swift */ = {isa = PBXFileReference; lastKnownFileType = sourcecode.swift; path = Day122020.swift; sourceTree = "<group>"; };
		50BE7B30258408D9008CD46C /* Day122020_Example1.txt */ = {isa = PBXFileReference; lastKnownFileType = text; path = Day122020_Example1.txt; sourceTree = "<group>"; };
		50BE7B31258408D9008CD46C /* Day122020.txt */ = {isa = PBXFileReference; lastKnownFileType = text; path = Day122020.txt; sourceTree = "<group>"; };
/* End PBXFileReference section */

/* Begin PBXFrameworksBuildPhase section */
		500DAF71239545A30081CC21 /* Frameworks */ = {
			isa = PBXFrameworksBuildPhase;
			buildActionMask = 2147483647;
			files = (
				50424EDA25761FC300D77F8F /* Algorithms in Frameworks */,
			);
			runOnlyForDeploymentPostprocessing = 0;
		};
		500DAF7A239545A30081CC21 /* Frameworks */ = {
			isa = PBXFrameworksBuildPhase;
			buildActionMask = 2147483647;
			files = (
				500DAF7E239545A30081CC21 /* AdventOfCode.framework in Frameworks */,
			);
			runOnlyForDeploymentPostprocessing = 0;
		};
/* End PBXFrameworksBuildPhase section */

/* Begin PBXGroup section */
		50086CA423A2106E002613B7 /* Day12 */ = {
			isa = PBXGroup;
			children = (
				50086CA523A21095002613B7 /* Input+Day12.swift */,
				50086CA723A2109E002613B7 /* Day12.swift */,
			);
			path = Day12;
			sourceTree = "<group>";
		};
		50086CA923A212EC002613B7 /* Day12 */ = {
			isa = PBXGroup;
			children = (
				50086CAA23A21449002613B7 /* Day12.txt */,
				50086CAE23A229C3002613B7 /* Day12Example1.txt */,
				50086CB123A244E4002613B7 /* Day12Example2.txt */,
			);
			path = Day12;
			sourceTree = "<group>";
		};
		50086CCD23A36B4F002613B7 /* Day13 */ = {
			isa = PBXGroup;
			children = (
				50086CCE23A36B69002613B7 /* Input+Day13.swift */,
				50086CD023A36B83002613B7 /* Day13.swift */,
			);
			path = Day13;
			sourceTree = "<group>";
		};
		50086CD423A36BFA002613B7 /* Day13 */ = {
			isa = PBXGroup;
			children = (
				50086CD523A36C1B002613B7 /* Day13.txt */,
			);
			path = Day13;
			sourceTree = "<group>";
		};
		50086D1C23A4B6BD002613B7 /* Day14 */ = {
			isa = PBXGroup;
			children = (
				50086D1D23A4B6D4002613B7 /* Input+Day14.swift */,
				50086D1F23A4B6DE002613B7 /* Day14.swift */,
			);
			path = Day14;
			sourceTree = "<group>";
		};
		50086D2123A4B6E4002613B7 /* Day14 */ = {
			isa = PBXGroup;
			children = (
				50086D2223A4B6F7002613B7 /* Day14.txt */,
				50086D2423A4B78F002613B7 /* Day14Example1.txt */,
				50086D2623A4B7A6002613B7 /* Day14Example2.txt */,
				50086D2823A4B7BD002613B7 /* Day14Example3.txt */,
				50086D2C23A4E85C002613B7 /* Day14Example4.txt */,
				50086D2E23A4E893002613B7 /* Day14Example5.txt */,
			);
			path = Day14;
			sourceTree = "<group>";
		};
		50086D3023A60A0E002613B7 /* Day15 */ = {
			isa = PBXGroup;
			children = (
				50086D3123A60A27002613B7 /* Input+Day15.swift */,
				50086D3323A60A34002613B7 /* Day15.swift */,
			);
			path = Day15;
			sourceTree = "<group>";
		};
		50086D3723A60A51002613B7 /* Day15 */ = {
			isa = PBXGroup;
			children = (
				50086D3523A60A48002613B7 /* Day15.txt */,
			);
			path = Day15;
			sourceTree = "<group>";
		};
		50086D3A23A76031002613B7 /* Day16 */ = {
			isa = PBXGroup;
			children = (
				50086D3B23A76047002613B7 /* Day16.txt */,
				50086D4223A762D0002613B7 /* Day16Example1.txt */,
				50086D4623A76EE8002613B7 /* Day16Example2.txt */,
				50086D6223A7AB96002613B7 /* Day16Part2Example1.txt */,
			);
			path = Day16;
			sourceTree = "<group>";
		};
		50086D3D23A76063002613B7 /* Day16 */ = {
			isa = PBXGroup;
			children = (
				50086D3E23A76075002613B7 /* Day16.swift */,
				50086D4023A76081002613B7 /* Input+Day16.swift */,
			);
			path = Day16;
			sourceTree = "<group>";
		};
		50086D6423A8A757002613B7 /* Day 17 */ = {
			isa = PBXGroup;
			children = (
				50086D6523A8A779002613B7 /* Input+Day17.swift */,
				50086D6723A8A781002613B7 /* Day17.swift */,
			);
			path = "Day 17";
			sourceTree = "<group>";
		};
		50086D6923A8A788002613B7 /* Day17 */ = {
			isa = PBXGroup;
			children = (
				50086D6A23A8A7A0002613B7 /* Day17.txt */,
				50086D6C23A8A7AE002613B7 /* Day17Part2.txt */,
			);
			path = Day17;
			sourceTree = "<group>";
		};
		50086D8B23AA9BA4002613B7 /* Day18 */ = {
			isa = PBXGroup;
			children = (
				50086D8C23AA9BC0002613B7 /* Input+Day18.swift */,
				50086D8E23AA9BCB002613B7 /* Day18.swift */,
				50086D9223AA9C1D002613B7 /* MazeTile.swift */,
			);
			path = Day18;
			sourceTree = "<group>";
		};
		50086D9423AA9C71002613B7 /* Day18 */ = {
			isa = PBXGroup;
			children = (
				50086D9523AA9C8C002613B7 /* Day18.txt */,
			);
			path = Day18;
			sourceTree = "<group>";
		};
		50086D9723ACB87D002613B7 /* Day19 */ = {
			isa = PBXGroup;
			children = (
				50086D9823ACB893002613B7 /* Day19.swift */,
				50086D9A23ACB89F002613B7 /* Input+Day19.swift */,
			);
			path = Day19;
			sourceTree = "<group>";
		};
		50086D9C23ACB909002613B7 /* Day19 */ = {
			isa = PBXGroup;
			children = (
				50086D9D23ACB917002613B7 /* Day19.txt */,
			);
			path = Day19;
			sourceTree = "<group>";
		};
		50086DA123B117E8002613B7 /* Day20 */ = {
			isa = PBXGroup;
			children = (
			);
			path = Day20;
			sourceTree = "<group>";
		};
		50086DA223B117FC002613B7 /* Day20 */ = {
			isa = PBXGroup;
			children = (
				50086DA323B11818002613B7 /* Input+Day20.swift */,
				50086DA523B11821002613B7 /* Day20.swift */,
			);
			path = Day20;
			sourceTree = "<group>";
		};
		500DAF6A239545A30081CC21 = {
			isa = PBXGroup;
			children = (
				500DAF76239545A30081CC21 /* AdventOfCode */,
				500DAF81239545A30081CC21 /* AdventOfCodeTests */,
				500DAF75239545A30081CC21 /* Products */,
			);
			sourceTree = "<group>";
		};
		500DAF75239545A30081CC21 /* Products */ = {
			isa = PBXGroup;
			children = (
				500DAF74239545A30081CC21 /* AdventOfCode.framework */,
				500DAF7D239545A30081CC21 /* AdventOfCodeTests.xctest */,
			);
			name = Products;
			sourceTree = "<group>";
		};
		500DAF76239545A30081CC21 /* AdventOfCode */ = {
			isa = PBXGroup;
			children = (
				50424EE025761FD500D77F8F /* Common */,
				50424EDD25761FC800D77F8F /* 2020 */,
				50978A6D239D6BCB0036AFA8 /* 2019 */,
				500DAF77239545A30081CC21 /* AdventOfCode.h */,
				500DAF78239545A30081CC21 /* Info.plist */,
			);
			path = AdventOfCode;
			sourceTree = "<group>";
		};
		500DAF81239545A30081CC21 /* AdventOfCodeTests */ = {
			isa = PBXGroup;
			children = (
				50424EF42576211500D77F8F /* 2020 */,
				50978A6E239D6BDD0036AFA8 /* 2019 */,
				500DAF84239545A30081CC21 /* Info.plist */,
			);
			path = AdventOfCodeTests;
			sourceTree = "<group>";
		};
		500DAF90239545DD0081CC21 /* Day1 */ = {
			isa = PBXGroup;
			children = (
				500DAF8E239545BA0081CC21 /* Day1.swift */,
				500DAF93239548920081CC21 /* Input+Day1.swift */,
			);
			path = Day1;
			sourceTree = "<group>";
		};
		500DAF9B239550F70081CC21 /* Day2 */ = {
			isa = PBXGroup;
			children = (
				500DAF9C2395510C0081CC21 /* Day2.swift */,
				500DAF9E239551180081CC21 /* Input+Day2.swift */,
			);
			path = Day2;
			sourceTree = "<group>";
		};
		500DAFA623963CFD0081CC21 /* Inputs */ = {
			isa = PBXGroup;
			children = (
				50086DA123B117E8002613B7 /* Day20 */,
				50086D9C23ACB909002613B7 /* Day19 */,
				50086D9423AA9C71002613B7 /* Day18 */,
				50086D6923A8A788002613B7 /* Day17 */,
				50086D3A23A76031002613B7 /* Day16 */,
				50086D3723A60A51002613B7 /* Day15 */,
				50086D2123A4B6E4002613B7 /* Day14 */,
				50086CD423A36BFA002613B7 /* Day13 */,
				50086CA923A212EC002613B7 /* Day12 */,
				50978B6023A0B13A0036AFA8 /* Day11 */,
				50978AFA239F70230036AFA8 /* Day10 */,
				50978A76239E11C10036AFA8 /* Day9 */,
				50978A64239CCFC20036AFA8 /* Day8 */,
				50978A50239B829A0036AFA8 /* Day7 */,
				50936CF1239A34AD001F58F3 /* Day6 */,
				50936CA42398DF87001F58F3 /* Day5.txt */,
				50936C9923979302001F58F3 /* Day4 */,
				500DAFAE23964C180081CC21 /* Day3 */,
				500DAF95239548D20081CC21 /* Day1.txt */,
				500DAFA0239551DB0081CC21 /* Day2.txt */,
			);
			path = Inputs;
			sourceTree = "<group>";
		};
		500DAFA723963D150081CC21 /* Day3 */ = {
			isa = PBXGroup;
			children = (
				500DAFA823963D320081CC21 /* Input+Day3.swift */,
				500DAFAA239642EB0081CC21 /* Day3.swift */,
			);
			path = Day3;
			sourceTree = "<group>";
		};
		500DAFAE23964C180081CC21 /* Day3 */ = {
			isa = PBXGroup;
			children = (
				500DAFA323963CE10081CC21 /* Day3.txt */,
				500DAFB123965C1B0081CC21 /* Day3Test2.txt */,
				500DAFAF23964C290081CC21 /* Day3Test1.txt */,
				500DAFB4239672C40081CC21 /* Day3Test3.txt */,
			);
			path = Day3;
			sourceTree = "<group>";
		};
		5025400C257CAB9F00208CC2 /* Day6 */ = {
			isa = PBXGroup;
			children = (
				5025400F257CABA800208CC2 /* Day6_2020.swift */,
			);
			path = Day6;
			sourceTree = "<group>";
		};
		50254013257CABC500208CC2 /* Day6 */ = {
			isa = PBXGroup;
			children = (
				5025401A257CABEA00208CC2 /* Day62020_Example1.txt */,
				5032D73A257DFCB600A0191D /* Day62020.txt */,
				5032D739257DFCB600A0191D /* Day62020_Example1.txt */,
				50254014257CABE300208CC2 /* Day62020.txt */,
			);
			path = Day6;
			sourceTree = "<group>";
		};
		5032D733257DFC8D00A0191D /* Day7 */ = {
			isa = PBXGroup;
			children = (
				5032D734257DFC9500A0191D /* Day7_2020.swift */,
			);
			path = Day7;
			sourceTree = "<group>";
		};
		5032D738257DFCB600A0191D /* Day7 */ = {
			isa = PBXGroup;
			children = (
				5032D73C257DFCB600A0191D /* Day72020.txt */,
				5032D73B257DFCB600A0191D /* Day72020_Example1.txt */,
				5032D74F257E0FFB00A0191D /* Day72020_Example2.txt */,
			);
			path = Day7;
			sourceTree = "<group>";
		};
		504045AE257F4E3700F756BE /* Day8 */ = {
			isa = PBXGroup;
			children = (
				504045AF257F4E4B00F756BE /* Day82020.swift */,
			);
			path = Day8;
			sourceTree = "<group>";
		};
		504045B5257F4E5000F756BE /* Day8 */ = {
			isa = PBXGroup;
			children = (
				504045BC257F53FB00F756BE /* Day82020_Example1.txt */,
				504045C0257F541300F756BE /* Day82020.txt */,
				504045C6257F663400F756BE /* Day82020PJsInput.txt */,
			);
			path = Day8;
			sourceTree = "<group>";
		};
		50424EDD25761FC800D77F8F /* 2020 */ = {
			isa = PBXGroup;
			children = (
				50BE7B21258407B1008CD46C /* Day12 */,
				50BE7B1A25834132008CD46C /* Day11 */,
				50BE7AD52581E68A008CD46C /* Day10 */,
				50BE7A2E25809C6E008CD46C /* Day9 */,
				504045AE257F4E3700F756BE /* Day8 */,
				5032D733257DFC8D00A0191D /* Day7 */,
				5025400C257CAB9F00208CC2 /* Day6 */,
				504CA7B1257AC68700F088B2 /* Day5 */,
				506FF7BD257A08E10006055D /* Day4 */,
				506FF7352578BA8C0006055D /* Day3 */,
				506FF711257759B90006055D /* Day2 */,
				50424EE92576202000D77F8F /* Day1 */,
				50424EE125761FF600D77F8F /* Inputs */,
			);
			path = 2020;
			sourceTree = "<group>";
		};
		50424EE025761FD500D77F8F /* Common */ = {
			isa = PBXGroup;
			children = (
				50978B6623A0B3270036AFA8 /* Position.swift */,
				50978B6823A0B44E0036AFA8 /* Direction.swift */,
				50086CD723A36CC3002613B7 /* Tile.swift */,
				500DAF91239546010081CC21 /* Input.swift */,
				50424EF02576207700D77F8F /* Input+NewLineExtension.swift */,
				506FF73025776B1B0006055D /* String+Extension.swift */,
			);
			path = Common;
			sourceTree = "<group>";
		};
		50424EE125761FF600D77F8F /* Inputs */ = {
			isa = PBXGroup;
			children = (
				50BE7B2F258408D1008CD46C /* Day12 */,
				50BE7B0825833FFF008CD46C /* Day11 */,
				50BE7AE62581E797008CD46C /* Day10 */,
				50BE7A3325809C93008CD46C /* Day9 */,
				504045B5257F4E5000F756BE /* Day8 */,
				5032D738257DFCB600A0191D /* Day7 */,
				50254013257CABC500208CC2 /* Day6 */,
				504CA7A6257AC66000F088B2 /* Day5 */,
				506FF7C9257A0DB00006055D /* Day4 */,
				506FF74C2578C5A40006055D /* Day3 */,
				506FF71E25775A790006055D /* Day2 */,
				50424EE225761FFC00D77F8F /* Day1 */,
			);
			path = Inputs;
			sourceTree = "<group>";
		};
		50424EE225761FFC00D77F8F /* Day1 */ = {
			isa = PBXGroup;
			children = (
				50424EE32576200C00D77F8F /* Day1_2020.txt */,
			);
			path = Day1;
			sourceTree = "<group>";
		};
		50424EE92576202000D77F8F /* Day1 */ = {
			isa = PBXGroup;
			children = (
				50424EEA2576203000D77F8F /* Day1_2020.swift */,
			);
			path = Day1;
			sourceTree = "<group>";
		};
		50424EF42576211500D77F8F /* 2020 */ = {
			isa = PBXGroup;
			children = (
				50424EF52576212B00D77F8F /* Day1Tests.swift */,
				506FF72725775ACB0006055D /* Day2Tests2020.swift */,
				506FF7462578C28A0006055D /* Day3Tests2020.swift */,
				506FF7C1257A0D7A0006055D /* Day4Tests2020.swift */,
				504CA7B8257AC6B600F088B2 /* Day5Tests2020.swift */,
				50254020257CAC2100208CC2 /* Day6Tests2020.swift */,
				5032D73D257DFD9300A0191D /* Day7Tests2020.swift */,
				504045B6257F4E6600F756BE /* Da8Tests2020.swift */,
				50BE7A3425809CA9008CD46C /* Day9Tests2020.swift */,
				50BE7ADC2581E6BB008CD46C /* Day10Tests2020.swift */,
				50BE7B22258407BE008CD46C /* Day11Tests2020.swift */,
				50BE7B1025834028008CD46C /* Day12Tests2020.swift */,
			);
			path = 2020;
			sourceTree = "<group>";
		};
		504CA7A6257AC66000F088B2 /* Day5 */ = {
			isa = PBXGroup;
			children = (
				504CA7A7257AC67500F088B2 /* Day52020_Example1.txt */,
				504CA7C4257AC6E500F088B2 /* Day52020_Example2.txt */,
				504CA7AD257AC68300F088B2 /* Day52020.txt */,
			);
			path = Day5;
			sourceTree = "<group>";
		};
		504CA7B1257AC68700F088B2 /* Day5 */ = {
			isa = PBXGroup;
			children = (
				504CA7B2257AC68E00F088B2 /* Day5_2020.swift */,
			);
			path = Day5;
			sourceTree = "<group>";
		};
		506FF711257759B90006055D /* Day2 */ = {
			isa = PBXGroup;
			children = (
				506FF714257759CB0006055D /* Day2_2020.swift */,
				506FF718257759F10006055D /* PasswordPolicy.swift */,
				506FF72B25775B440006055D /* Input+Day22020.swift */,
			);
			path = Day2;
			sourceTree = "<group>";
		};
		506FF71E25775A790006055D /* Day2 */ = {
			isa = PBXGroup;
			children = (
				506FF71F25775A8F0006055D /* Day2_2020.txt */,
				506FF72325775AB70006055D /* Day2Example1_2020.txt */,
			);
			path = Day2;
			sourceTree = "<group>";
		};
		506FF7352578BA8C0006055D /* Day3 */ = {
			isa = PBXGroup;
			children = (
				506FF7362578BA9D0006055D /* Day3_2020.swift */,
			);
			path = Day3;
			sourceTree = "<group>";
		};
		506FF74C2578C5A40006055D /* Day3 */ = {
			isa = PBXGroup;
			children = (
				506FF73C2578BACE0006055D /* Day32020_Example1.txt */,
				506FF74D2578C5BF0006055D /* Day32020.txt */,
			);
			path = Day3;
			sourceTree = "<group>";
		};
		506FF7BD257A08E10006055D /* Day4 */ = {
			isa = PBXGroup;
			children = (
				506FF7BE257A08EA0006055D /* Day4_2020.swift */,
			);
			path = Day4;
			sourceTree = "<group>";
		};
		506FF7C9257A0DB00006055D /* Day4 */ = {
			isa = PBXGroup;
			children = (
				506FF7CA257A0DC70006055D /* Day42020_Example1.txt */,
				506FF7D1257A129A0006055D /* Day42020.txt */,
				506FF7D7257A1FDF0006055D /* Day42020_Example2.txt */,
			);
			path = Day4;
			sourceTree = "<group>";
		};
		50936C9223978D9C001F58F3 /* Day4 */ = {
			isa = PBXGroup;
			children = (
				50936C9323978DB2001F58F3 /* Day4.swift */,
				50936C9523978E3A001F58F3 /* Input+Day4.swift */,
			);
			path = Day4;
			sourceTree = "<group>";
		};
		50936C9923979302001F58F3 /* Day4 */ = {
			isa = PBXGroup;
			children = (
				50936C9A23979310001F58F3 /* Day4Test1.txt */,
				50936C9C23979638001F58F3 /* Day4Test2.txt */,
				50936C9E23979CF5001F58F3 /* Day4Test3.txt */,
			);
			path = Day4;
			sourceTree = "<group>";
		};
		50936CA12398D066001F58F3 /* Day5 */ = {
			isa = PBXGroup;
			children = (
				50936CA22398D1BF001F58F3 /* Day5.swift */,
				50936CA82398DFFE001F58F3 /* Input+Day5.swift */,
			);
			path = Day5;
			sourceTree = "<group>";
		};
		50936CEA239A28E9001F58F3 /* Day6 */ = {
			isa = PBXGroup;
			children = (
				50936CEB239A2913001F58F3 /* Input+Day6.swift */,
				50936CED239A291D001F58F3 /* Day6.swift */,
			);
			path = Day6;
			sourceTree = "<group>";
		};
		50936CF1239A34AD001F58F3 /* Day6 */ = {
			isa = PBXGroup;
			children = (
				50936CF2239A34C1001F58F3 /* Day6Test1.txt */,
				50936CF4239A470B001F58F3 /* Day6.txt */,
			);
			path = Day6;
			sourceTree = "<group>";
		};
		50978A4F239B826C0036AFA8 /* Day7 */ = {
			isa = PBXGroup;
			children = (
				50978A55239B83D00036AFA8 /* Input+Day7.swift */,
				50978A57239B84010036AFA8 /* Day7.swift */,
			);
			path = Day7;
			sourceTree = "<group>";
		};
		50978A50239B829A0036AFA8 /* Day7 */ = {
			isa = PBXGroup;
			children = (
				50978A51239B82B60036AFA8 /* Day7.txt */,
				50978A53239B82CA0036AFA8 /* Day7Test1.txt */,
				50978A5D239BDD630036AFA8 /* Day7Test2.txt */,
			);
			path = Day7;
			sourceTree = "<group>";
		};
		50978A61239CCF820036AFA8 /* Day8 */ = {
			isa = PBXGroup;
			children = (
				50978A62239CCF9C0036AFA8 /* Input+Day8.swift */,
				50978A67239CD0670036AFA8 /* Day8.swift */,
			);
			path = Day8;
			sourceTree = "<group>";
		};
		50978A64239CCFC20036AFA8 /* Day8 */ = {
			isa = PBXGroup;
			children = (
				50978A65239CCFD30036AFA8 /* Day8.txt */,
				50978A6B239CD8CD0036AFA8 /* Day8Test1.txt */,
			);
			path = Day8;
			sourceTree = "<group>";
		};
		50978A6D239D6BCB0036AFA8 /* 2019 */ = {
			isa = PBXGroup;
			children = (
				50978B6523A0B31A0036AFA8 /* Common */,
				50978A5F239C1AD70036AFA8 /* IntCode.swift */,
				500DAFA623963CFD0081CC21 /* Inputs */,
				500DAF90239545DD0081CC21 /* Day1 */,
				500DAF9B239550F70081CC21 /* Day2 */,
				500DAFA723963D150081CC21 /* Day3 */,
				50936C9223978D9C001F58F3 /* Day4 */,
				50936CA12398D066001F58F3 /* Day5 */,
				50936CEA239A28E9001F58F3 /* Day6 */,
				50978A4F239B826C0036AFA8 /* Day7 */,
				50978A61239CCF820036AFA8 /* Day8 */,
				50978A6F239E108C0036AFA8 /* Day9 */,
				50978AF3239F6DA20036AFA8 /* Day10 */,
				50978B5B23A0B06D0036AFA8 /* Day11 */,
				50086CA423A2106E002613B7 /* Day12 */,
				50086CCD23A36B4F002613B7 /* Day13 */,
				50086D1C23A4B6BD002613B7 /* Day14 */,
				50086D3023A60A0E002613B7 /* Day15 */,
				50086D3D23A76063002613B7 /* Day16 */,
				50086D6423A8A757002613B7 /* Day 17 */,
				50086D8B23AA9BA4002613B7 /* Day18 */,
				50086D9723ACB87D002613B7 /* Day19 */,
				50086DA223B117FC002613B7 /* Day20 */,
			);
			path = 2019;
			sourceTree = "<group>";
		};
		50978A6E239D6BDD0036AFA8 /* 2019 */ = {
			isa = PBXGroup;
			children = (
				500DAF82239545A30081CC21 /* Tests.swift */,
				500DAFAC23964ADA0081CC21 /* Day3Tests.swift */,
				50936C972397927C001F58F3 /* Day4Tests.swift */,
				50936CA62398DFA7001F58F3 /* Day5Tests.swift */,
				50936CEF239A2CBE001F58F3 /* Day6Tests.swift */,
				50978A5B239B9B100036AFA8 /* Day7Tests.swift */,
				50978A69239CD8C00036AFA8 /* Day8Tests.swift */,
				50978A74239E11830036AFA8 /* Day9Tests.swift */,
				50978AF8239F6FF90036AFA8 /* Day10Tests.swift */,
				50978B6323A0B15C0036AFA8 /* Day11Tests.swift */,
				50086CAC23A21461002613B7 /* Day12Tests.swift */,
				50086CD223A36BE1002613B7 /* Day13Tests.swift */,
				50086D2A23A4BCC1002613B7 /* Day14Tests.swift */,
				50086D3823A6108D002613B7 /* Day15Tests.swift */,
				50086D4423A7679B002613B7 /* Day16Tests.swift */,
				50086D6E23A8A922002613B7 /* Day17Tests.swift */,
				50086D9023AA9BFC002613B7 /* Day18Tests.swift */,
				50086D9F23ACBBBE002613B7 /* Day19Tests.swift */,
			);
			path = 2019;
			sourceTree = "<group>";
		};
		50978A6F239E108C0036AFA8 /* Day9 */ = {
			isa = PBXGroup;
			children = (
				50978A70239E10B60036AFA8 /* Input+Day9.swift */,
				50978A72239E10D60036AFA8 /* Day9.swift */,
			);
			path = Day9;
			sourceTree = "<group>";
		};
		50978A76239E11C10036AFA8 /* Day9 */ = {
			isa = PBXGroup;
			children = (
				50978A77239E11D20036AFA8 /* Day9Test1.txt */,
				50978A7B239E18860036AFA8 /* Day9Test2.txt */,
				50978A7D239E18C30036AFA8 /* Day9Test3.txt */,
				50978A7F239E18FD0036AFA8 /* Day9.txt */,
			);
			path = Day9;
			sourceTree = "<group>";
		};
		50978AF3239F6DA20036AFA8 /* Day10 */ = {
			isa = PBXGroup;
			children = (
				50978AF4239F6DCB0036AFA8 /* Input+Day10.swift */,
				50978AF6239F6DD80036AFA8 /* Day10.swift */,
			);
			path = Day10;
			sourceTree = "<group>";
		};
		50978AFA239F70230036AFA8 /* Day10 */ = {
			isa = PBXGroup;
			children = (
				50978AFB239F70340036AFA8 /* Day10Test1.txt */,
				50978AFD239F75660036AFA8 /* Day10Test2.txt */,
				50978AFF239F84150036AFA8 /* Day10Test3.txt */,
				50978B01239F858F0036AFA8 /* Day10.txt */,
			);
			path = Day10;
			sourceTree = "<group>";
		};
		50978B5B23A0B06D0036AFA8 /* Day11 */ = {
			isa = PBXGroup;
			children = (
				50978B5C23A0B0910036AFA8 /* Input+Day11.swift */,
				50978B5E23A0B0A70036AFA8 /* Day11.swift */,
			);
			path = Day11;
			sourceTree = "<group>";
		};
		50978B6023A0B13A0036AFA8 /* Day11 */ = {
			isa = PBXGroup;
			children = (
				50978B6123A0B1480036AFA8 /* Day11.txt */,
				50978B6A23A0B73B0036AFA8 /* Day11Test1.txt */,
			);
			path = Day11;
			sourceTree = "<group>";
		};
		50978B6523A0B31A0036AFA8 /* Common */ = {
			isa = PBXGroup;
			children = (
			);
			path = Common;
			sourceTree = "<group>";
		};
		50BE7A2E25809C6E008CD46C /* Day9 */ = {
			isa = PBXGroup;
			children = (
				50BE7A2F25809C7D008CD46C /* Day92020.swift */,
			);
			path = Day9;
			sourceTree = "<group>";
		};
		50BE7A3325809C93008CD46C /* Day9 */ = {
			isa = PBXGroup;
			children = (
				50BE7A3A25809CD8008CD46C /* Day92020_Example1.txt */,
				50BE7A3B25809CD8008CD46C /* Day92020.txt */,
			);
			path = Day9;
			sourceTree = "<group>";
		};
		50BE7AD52581E68A008CD46C /* Day10 */ = {
			isa = PBXGroup;
			children = (
				50BE7AD62581E691008CD46C /* Day102020.swift */,
			);
			path = Day10;
			sourceTree = "<group>";
		};
		50BE7AE62581E797008CD46C /* Day10 */ = {
			isa = PBXGroup;
			children = (
				50BE7AE72581E79F008CD46C /* Day102020_Example1.txt */,
				50BE7AEF2581E7C5008CD46C /* Day102020_Example2.txt */,
				50BE7AE82581E79F008CD46C /* Day102020.txt */,
			);
			path = Day10;
			sourceTree = "<group>";
		};
		50BE7B0825833FFF008CD46C /* Day11 */ = {
			isa = PBXGroup;
			children = (
				50BE7B0925834006008CD46C /* Day112020_Example1.txt */,
				50BE7B0A25834006008CD46C /* Day112020.txt */,
			);
			path = Day11;
			sourceTree = "<group>";
		};
		50BE7B1A25834132008CD46C /* Day11 */ = {
			isa = PBXGroup;
			children = (
				50BE7B1B2583413E008CD46C /* Day112020.swift */,
			);
			path = Day11;
			sourceTree = "<group>";
		};
		50BE7B21258407B1008CD46C /* Day12 */ = {
			isa = PBXGroup;
			children = (
				50BE7B2C258407FC008CD46C /* Day122020.swift */,
			);
			path = Day12;
			sourceTree = "<group>";
		};
		50BE7B2F258408D1008CD46C /* Day12 */ = {
			isa = PBXGroup;
			children = (
				50BE7B30258408D9008CD46C /* Day122020_Example1.txt */,
				50BE7B31258408D9008CD46C /* Day122020.txt */,
			);
			path = Day12;
			sourceTree = "<group>";
		};
/* End PBXGroup section */

/* Begin PBXHeadersBuildPhase section */
		500DAF6F239545A30081CC21 /* Headers */ = {
			isa = PBXHeadersBuildPhase;
			buildActionMask = 2147483647;
			files = (
				500DAF85239545A30081CC21 /* AdventOfCode.h in Headers */,
			);
			runOnlyForDeploymentPostprocessing = 0;
		};
/* End PBXHeadersBuildPhase section */

/* Begin PBXNativeTarget section */
		500DAF73239545A30081CC21 /* AdventOfCode */ = {
			isa = PBXNativeTarget;
			buildConfigurationList = 500DAF88239545A30081CC21 /* Build configuration list for PBXNativeTarget "AdventOfCode" */;
			buildPhases = (
				500DAF6F239545A30081CC21 /* Headers */,
				500DAF70239545A30081CC21 /* Sources */,
				500DAF71239545A30081CC21 /* Frameworks */,
				500DAF72239545A30081CC21 /* Resources */,
			);
			buildRules = (
			);
			dependencies = (
			);
			name = AdventOfCode;
			packageProductDependencies = (
				50424ED925761FC300D77F8F /* Algorithms */,
			);
			productName = AdventOfCode;
			productReference = 500DAF74239545A30081CC21 /* AdventOfCode.framework */;
			productType = "com.apple.product-type.framework";
		};
		500DAF7C239545A30081CC21 /* AdventOfCodeTests */ = {
			isa = PBXNativeTarget;
			buildConfigurationList = 500DAF8B239545A30081CC21 /* Build configuration list for PBXNativeTarget "AdventOfCodeTests" */;
			buildPhases = (
				500DAF79239545A30081CC21 /* Sources */,
				500DAF7A239545A30081CC21 /* Frameworks */,
				500DAF7B239545A30081CC21 /* Resources */,
			);
			buildRules = (
			);
			dependencies = (
				500DAF80239545A30081CC21 /* PBXTargetDependency */,
			);
			name = AdventOfCodeTests;
			productName = AdventOfCodeTests;
			productReference = 500DAF7D239545A30081CC21 /* AdventOfCodeTests.xctest */;
			productType = "com.apple.product-type.bundle.unit-test";
		};
/* End PBXNativeTarget section */

/* Begin PBXProject section */
		500DAF6B239545A30081CC21 /* Project object */ = {
			isa = PBXProject;
			attributes = {
				LastSwiftUpdateCheck = 1120;
				LastUpgradeCheck = 1120;
				ORGANIZATIONNAME = "Chris Thomas";
				TargetAttributes = {
					500DAF73239545A30081CC21 = {
						CreatedOnToolsVersion = 11.2.1;
						LastSwiftMigration = 1120;
					};
					500DAF7C239545A30081CC21 = {
						CreatedOnToolsVersion = 11.2.1;
					};
				};
			};
			buildConfigurationList = 500DAF6E239545A30081CC21 /* Build configuration list for PBXProject "AdventOfCode" */;
			compatibilityVersion = "Xcode 9.3";
			developmentRegion = en;
			hasScannedForEncodings = 0;
			knownRegions = (
				en,
				Base,
			);
			mainGroup = 500DAF6A239545A30081CC21;
			packageReferences = (
				50424ED825761FC300D77F8F /* XCRemoteSwiftPackageReference "swift-algorithms" */,
			);
			productRefGroup = 500DAF75239545A30081CC21 /* Products */;
			projectDirPath = "";
			projectRoot = "";
			targets = (
				500DAF73239545A30081CC21 /* AdventOfCode */,
				500DAF7C239545A30081CC21 /* AdventOfCodeTests */,
			);
		};
/* End PBXProject section */

/* Begin PBXResourcesBuildPhase section */
		500DAF72239545A30081CC21 /* Resources */ = {
			isa = PBXResourcesBuildPhase;
			buildActionMask = 2147483647;
			files = (
				5032D749257E039C00A0191D /* Day72020_Example1.txt in Resources */,
				50978B02239F858F0036AFA8 /* Day10.txt in Resources */,
				50086D4323A762D0002613B7 /* Day16Example1.txt in Resources */,
				504CA7C9257AC6F300F088B2 /* Day52020_Example2.txt in Resources */,
				5025401D257CABF500208CC2 /* Day62020_Example1.txt in Resources */,
				50BE7A3C25809CDE008CD46C /* Day92020_Example1.txt in Resources */,
				50086D2523A4B78F002613B7 /* Day14Example1.txt in Resources */,
				50086D9E23ACB917002613B7 /* Day19.txt in Resources */,
				500DAFA22395528A0081CC21 /* Day2.txt in Resources */,
				50978A7C239E18860036AFA8 /* Day9Test2.txt in Resources */,
				50424EE42576200C00D77F8F /* Day1_2020.txt in Resources */,
				50254015257CABE300208CC2 /* Day62020.txt in Resources */,
				50936C9F23979CF5001F58F3 /* Day4Test3.txt in Resources */,
				50086D3C23A76047002613B7 /* Day16.txt in Resources */,
				50BE7AF22581E893008CD46C /* Day102020_Example2.txt in Resources */,
				506FF72425775AB70006055D /* Day2Example1_2020.txt in Resources */,
				50086D2923A4B7BD002613B7 /* Day14Example3.txt in Resources */,
				50086D2F23A4E893002613B7 /* Day14Example5.txt in Resources */,
				50936CF5239A470B001F58F3 /* Day6.txt in Resources */,
				504CA7A8257AC67500F088B2 /* Day52020_Example1.txt in Resources */,
				50BE7B0C25834021008CD46C /* Day112020_Example1.txt in Resources */,
				50086D6D23A8A7AE002613B7 /* Day17Part2.txt in Resources */,
				500DAF9823954BF20081CC21 /* Day1.txt in Resources */,
				50086D4723A76EE8002613B7 /* Day16Example2.txt in Resources */,
				50978A80239E18FD0036AFA8 /* Day9.txt in Resources */,
				50086D9623AA9C8C002613B7 /* Day18.txt in Resources */,
				50BE7AEC2581E7B0008CD46C /* Day102020_Example1.txt in Resources */,
				50978A5E239BDD630036AFA8 /* Day7Test2.txt in Resources */,
				500DAFA423963CE10081CC21 /* Day3.txt in Resources */,
				50BE7B32258408EB008CD46C /* Day122020.txt in Resources */,
				504045C7257F663400F756BE /* Day82020PJsInput.txt in Resources */,
				50086D6323A7AB96002613B7 /* Day16Part2Example1.txt in Resources */,
				500DAFB023964C290081CC21 /* Day3Test1.txt in Resources */,
				50086CD623A36C1B002613B7 /* Day13.txt in Resources */,
				50978A52239B82B60036AFA8 /* Day7.txt in Resources */,
				5032D750257E0FFB00A0191D /* Day72020_Example2.txt in Resources */,
				506FF7D8257A1FDF0006055D /* Day42020_Example2.txt in Resources */,
				50086D3623A60A48002613B7 /* Day15.txt in Resources */,
				50978AFC239F70340036AFA8 /* Day10Test1.txt in Resources */,
				506FF73D2578BACE0006055D /* Day32020_Example1.txt in Resources */,
				50936CA52398DF87001F58F3 /* Day5.txt in Resources */,
				50086D6B23A8A7A0002613B7 /* Day17.txt in Resources */,
				50BE7AE92581E7AD008CD46C /* Day102020.txt in Resources */,
				50936C9B23979310001F58F3 /* Day4Test1.txt in Resources */,
				50BE7A3F25809CE2008CD46C /* Day92020.txt in Resources */,
				50936C9D23979638001F58F3 /* Day4Test2.txt in Resources */,
				50978A78239E11D20036AFA8 /* Day9Test1.txt in Resources */,
				50086CB223A244E4002613B7 /* Day12Example2.txt in Resources */,
				50978AFE239F75660036AFA8 /* Day10Test2.txt in Resources */,
				50936CF3239A34C1001F58F3 /* Day6Test1.txt in Resources */,
				50978A66239CCFD30036AFA8 /* Day8.txt in Resources */,
				50978B6B23A0B73B0036AFA8 /* Day11Test1.txt in Resources */,
				5032D74C257E039F00A0191D /* Day72020.txt in Resources */,
				506FF74E2578C5BF0006055D /* Day32020.txt in Resources */,
				50978B6223A0B1480036AFA8 /* Day11.txt in Resources */,
				504CA7AE257AC68300F088B2 /* Day52020.txt in Resources */,
				50978A54239B82CA0036AFA8 /* Day7Test1.txt in Resources */,
				50978A6C239CD8CD0036AFA8 /* Day8Test1.txt in Resources */,
				506FF7D2257A129A0006055D /* Day42020.txt in Resources */,
				506FF7CB257A0DC70006055D /* Day42020_Example1.txt in Resources */,
				504045C1257F541300F756BE /* Day82020.txt in Resources */,
				50978A7E239E18C30036AFA8 /* Day9Test3.txt in Resources */,
				50086D2323A4B6F7002613B7 /* Day14.txt in Resources */,
				50086CAB23A21449002613B7 /* Day12.txt in Resources */,
				500DAFB223965C1B0081CC21 /* Day3Test2.txt in Resources */,
				50BE7B0D25834021008CD46C /* Day112020.txt in Resources */,
				50978B00239F84150036AFA8 /* Day10Test3.txt in Resources */,
				50BE7B33258408EB008CD46C /* Day122020_Example1.txt in Resources */,
				50086CAF23A229C3002613B7 /* Day12Example1.txt in Resources */,
				50086D2723A4B7A6002613B7 /* Day14Example2.txt in Resources */,
				504045BD257F53FB00F756BE /* Day82020_Example1.txt in Resources */,
				50086D2D23A4E85C002613B7 /* Day14Example4.txt in Resources */,
				506FF72025775A8F0006055D /* Day2_2020.txt in Resources */,
				500DAFB5239672C40081CC21 /* Day3Test3.txt in Resources */,
			);
			runOnlyForDeploymentPostprocessing = 0;
		};
		500DAF7B239545A30081CC21 /* Resources */ = {
			isa = PBXResourcesBuildPhase;
			buildActionMask = 2147483647;
			files = (
			);
			runOnlyForDeploymentPostprocessing = 0;
		};
/* End PBXResourcesBuildPhase section */

/* Begin PBXSourcesBuildPhase section */
		500DAF70239545A30081CC21 /* Sources */ = {
			isa = PBXSourcesBuildPhase;
			buildActionMask = 2147483647;
			files = (
				500DAFAB239642EB0081CC21 /* Day3.swift in Sources */,
				50254010257CABBD00208CC2 /* Day6_2020.swift in Sources */,
				50978A58239B84010036AFA8 /* Day7.swift in Sources */,
				50978B5D23A0B0910036AFA8 /* Input+Day11.swift in Sources */,
				500DAF94239548920081CC21 /* Input+Day1.swift in Sources */,
				50978AF5239F6DCB0036AFA8 /* Input+Day10.swift in Sources */,
				50086D3423A60A34002613B7 /* Day15.swift in Sources */,
				50086CCF23A36B69002613B7 /* Input+Day13.swift in Sources */,
				50086D6823A8A781002613B7 /* Day17.swift in Sources */,
				504045B0257F4E4B00F756BE /* Day82020.swift in Sources */,
				500DAF9D2395510C0081CC21 /* Day2.swift in Sources */,
				50936C9623978E3A001F58F3 /* Input+Day4.swift in Sources */,
				50086CD123A36B83002613B7 /* Day13.swift in Sources */,
				500DAF9F239551180081CC21 /* Input+Day2.swift in Sources */,
				50086D3F23A76075002613B7 /* Day16.swift in Sources */,
				50086DA423B11818002613B7 /* Input+Day20.swift in Sources */,
				50BE7AD72581E693008CD46C /* Day102020.swift in Sources */,
				506FF715257759CB0006055D /* Day2_2020.swift in Sources */,
				50086DA623B11821002613B7 /* Day20.swift in Sources */,
				50086D1E23A4B6D4002613B7 /* Input+Day14.swift in Sources */,
				50086D2023A4B6DE002613B7 /* Day14.swift in Sources */,
				50BE7A3025809C7D008CD46C /* Day92020.swift in Sources */,
				50424EF12576207700D77F8F /* Input+NewLineExtension.swift in Sources */,
				50978AF7239F6DD80036AFA8 /* Day10.swift in Sources */,
				50086D3223A60A27002613B7 /* Input+Day15.swift in Sources */,
				500DAFA923963D320081CC21 /* Input+Day3.swift in Sources */,
				50978A68239CD0670036AFA8 /* Day8.swift in Sources */,
				506FF7CE257A0E6C0006055D /* Day4_2020.swift in Sources */,
				50086CA823A2109E002613B7 /* Day12.swift in Sources */,
				50086D9323AA9C1D002613B7 /* MazeTile.swift in Sources */,
				50936CEC239A2913001F58F3 /* Input+Day6.swift in Sources */,
				50086CD823A36CC3002613B7 /* Tile.swift in Sources */,
				50086D6623A8A779002613B7 /* Input+Day17.swift in Sources */,
				50936CA32398D1BF001F58F3 /* Day5.swift in Sources */,
				500DAF92239546010081CC21 /* Input.swift in Sources */,
				50086D4123A76081002613B7 /* Input+Day16.swift in Sources */,
				50978B5F23A0B0A70036AFA8 /* Day11.swift in Sources */,
				506FF73125776B1B0006055D /* String+Extension.swift in Sources */,
				50086CA623A21095002613B7 /* Input+Day12.swift in Sources */,
				500DAF8F239545BA0081CC21 /* Day1.swift in Sources */,
				50936CEE239A291D001F58F3 /* Day6.swift in Sources */,
				50086D8D23AA9BC0002613B7 /* Input+Day18.swift in Sources */,
				50978A71239E10B60036AFA8 /* Input+Day9.swift in Sources */,
				50936CA92398DFFE001F58F3 /* Input+Day5.swift in Sources */,
				50978A63239CCF9C0036AFA8 /* Input+Day8.swift in Sources */,
				506FF72C25775B440006055D /* Input+Day22020.swift in Sources */,
				50086D9B23ACB89F002613B7 /* Input+Day19.swift in Sources */,
				50978A73239E10D60036AFA8 /* Day9.swift in Sources */,
				50936C9423978DB2001F58F3 /* Day4.swift in Sources */,
				50BE7B3625849395008CD46C /* Day122020.swift in Sources */,
				50086D8F23AA9BCB002613B7 /* Day18.swift in Sources */,
				50BE7B1C2583413E008CD46C /* Day112020.swift in Sources */,
				5032D735257DFC9E00A0191D /* Day7_2020.swift in Sources */,
				50978A60239C1AD70036AFA8 /* IntCode.swift in Sources */,
				50978B6723A0B3270036AFA8 /* Position.swift in Sources */,
				506FF7372578BA9D0006055D /* Day3_2020.swift in Sources */,
				50978A56239B83D00036AFA8 /* Input+Day7.swift in Sources */,
				50978B6923A0B44E0036AFA8 /* Direction.swift in Sources */,
				50086D9923ACB893002613B7 /* Day19.swift in Sources */,
				50424EEB2576203000D77F8F /* Day1_2020.swift in Sources */,
				506FF719257759F10006055D /* PasswordPolicy.swift in Sources */,
				504CA7B3257AC69000F088B2 /* Day5_2020.swift in Sources */,
			);
			runOnlyForDeploymentPostprocessing = 0;
		};
		500DAF79239545A30081CC21 /* Sources */ = {
			isa = PBXSourcesBuildPhase;
			buildActionMask = 2147483647;
			files = (
				50086CAD23A21461002613B7 /* Day12Tests.swift in Sources */,
				50978A5C239B9B100036AFA8 /* Day7Tests.swift in Sources */,
				50978AF9239F6FF90036AFA8 /* Day10Tests.swift in Sources */,
				50978B6423A0B15C0036AFA8 /* Day11Tests.swift in Sources */,
				50BE7ADD2581E6BB008CD46C /* Day10Tests2020.swift in Sources */,
				50086D6F23A8A922002613B7 /* Day17Tests.swift in Sources */,
				50BE7B1125834028008CD46C /* Day12Tests2020.swift in Sources */,
				504CA7B9257AC6B600F088B2 /* Day5Tests2020.swift in Sources */,
				50086D9123AA9BFC002613B7 /* Day18Tests.swift in Sources */,
				50086DA023ACBBBE002613B7 /* Day19Tests.swift in Sources */,
				50936CA72398DFA7001F58F3 /* Day5Tests.swift in Sources */,
				500DAFAD23964ADA0081CC21 /* Day3Tests.swift in Sources */,
				50086D3923A6108E002613B7 /* Day15Tests.swift in Sources */,
				50978A6A239CD8C00036AFA8 /* Day8Tests.swift in Sources */,
				50086D4523A7679B002613B7 /* Day16Tests.swift in Sources */,
				506FF7472578C28A0006055D /* Day3Tests2020.swift in Sources */,
				50BE7A3525809CA9008CD46C /* Day9Tests2020.swift in Sources */,
				50086D2B23A4BCC1002613B7 /* Day14Tests.swift in Sources */,
				506FF7C2257A0D7A0006055D /* Day4Tests2020.swift in Sources */,
				50254021257CAC2100208CC2 /* Day6Tests2020.swift in Sources */,
				50BE7B23258407BE008CD46C /* Day11Tests2020.swift in Sources */,
				506FF72825775ACB0006055D /* Day2Tests2020.swift in Sources */,
				50978A75239E11830036AFA8 /* Day9Tests.swift in Sources */,
				50086CD323A36BE1002613B7 /* Day13Tests.swift in Sources */,
				50424EF62576212B00D77F8F /* Day1Tests.swift in Sources */,
				504045B7257F4E6600F756BE /* Da8Tests2020.swift in Sources */,
				500DAF83239545A30081CC21 /* Tests.swift in Sources */,
				50936C982397927C001F58F3 /* Day4Tests.swift in Sources */,
				50936CF0239A2CBE001F58F3 /* Day6Tests.swift in Sources */,
				5032D73E257DFD9300A0191D /* Day7Tests2020.swift in Sources */,
			);
			runOnlyForDeploymentPostprocessing = 0;
		};
/* End PBXSourcesBuildPhase section */

/* Begin PBXTargetDependency section */
		500DAF80239545A30081CC21 /* PBXTargetDependency */ = {
			isa = PBXTargetDependency;
			target = 500DAF73239545A30081CC21 /* AdventOfCode */;
			targetProxy = 500DAF7F239545A30081CC21 /* PBXContainerItemProxy */;
		};
/* End PBXTargetDependency section */

/* Begin XCBuildConfiguration section */
		500DAF86239545A30081CC21 /* Debug */ = {
			isa = XCBuildConfiguration;
			buildSettings = {
				ALWAYS_SEARCH_USER_PATHS = NO;
				CLANG_ANALYZER_NONNULL = YES;
				CLANG_ANALYZER_NUMBER_OBJECT_CONVERSION = YES_AGGRESSIVE;
				CLANG_CXX_LANGUAGE_STANDARD = "gnu++14";
				CLANG_CXX_LIBRARY = "libc++";
				CLANG_ENABLE_MODULES = YES;
				CLANG_ENABLE_OBJC_ARC = YES;
				CLANG_ENABLE_OBJC_WEAK = YES;
				CLANG_WARN_BLOCK_CAPTURE_AUTORELEASING = YES;
				CLANG_WARN_BOOL_CONVERSION = YES;
				CLANG_WARN_COMMA = YES;
				CLANG_WARN_CONSTANT_CONVERSION = YES;
				CLANG_WARN_DEPRECATED_OBJC_IMPLEMENTATIONS = YES;
				CLANG_WARN_DIRECT_OBJC_ISA_USAGE = YES_ERROR;
				CLANG_WARN_DOCUMENTATION_COMMENTS = YES;
				CLANG_WARN_EMPTY_BODY = YES;
				CLANG_WARN_ENUM_CONVERSION = YES;
				CLANG_WARN_INFINITE_RECURSION = YES;
				CLANG_WARN_INT_CONVERSION = YES;
				CLANG_WARN_NON_LITERAL_NULL_CONVERSION = YES;
				CLANG_WARN_OBJC_IMPLICIT_RETAIN_SELF = YES;
				CLANG_WARN_OBJC_LITERAL_CONVERSION = YES;
				CLANG_WARN_OBJC_ROOT_CLASS = YES_ERROR;
				CLANG_WARN_RANGE_LOOP_ANALYSIS = YES;
				CLANG_WARN_STRICT_PROTOTYPES = YES;
				CLANG_WARN_SUSPICIOUS_MOVE = YES;
				CLANG_WARN_UNGUARDED_AVAILABILITY = YES_AGGRESSIVE;
				CLANG_WARN_UNREACHABLE_CODE = YES;
				CLANG_WARN__DUPLICATE_METHOD_MATCH = YES;
				COPY_PHASE_STRIP = NO;
				CURRENT_PROJECT_VERSION = 1;
				DEBUG_INFORMATION_FORMAT = dwarf;
				ENABLE_STRICT_OBJC_MSGSEND = YES;
				ENABLE_TESTABILITY = YES;
				GCC_C_LANGUAGE_STANDARD = gnu11;
				GCC_DYNAMIC_NO_PIC = NO;
				GCC_NO_COMMON_BLOCKS = YES;
				GCC_OPTIMIZATION_LEVEL = 0;
				GCC_PREPROCESSOR_DEFINITIONS = (
					"DEBUG=1",
					"$(inherited)",
				);
				GCC_WARN_64_TO_32_BIT_CONVERSION = YES;
				GCC_WARN_ABOUT_RETURN_TYPE = YES_ERROR;
				GCC_WARN_UNDECLARED_SELECTOR = YES;
				GCC_WARN_UNINITIALIZED_AUTOS = YES_AGGRESSIVE;
				GCC_WARN_UNUSED_FUNCTION = YES;
				GCC_WARN_UNUSED_VARIABLE = YES;
				IPHONEOS_DEPLOYMENT_TARGET = 14.2;
				MTL_ENABLE_DEBUG_INFO = INCLUDE_SOURCE;
				MTL_FAST_MATH = YES;
				ONLY_ACTIVE_ARCH = YES;
				SDKROOT = iphoneos;
				SWIFT_ACTIVE_COMPILATION_CONDITIONS = DEBUG;
				SWIFT_OPTIMIZATION_LEVEL = "-Onone";
				VERSIONING_SYSTEM = "apple-generic";
				VERSION_INFO_PREFIX = "";
			};
			name = Debug;
		};
		500DAF87239545A30081CC21 /* Release */ = {
			isa = XCBuildConfiguration;
			buildSettings = {
				ALWAYS_SEARCH_USER_PATHS = NO;
				CLANG_ANALYZER_NONNULL = YES;
				CLANG_ANALYZER_NUMBER_OBJECT_CONVERSION = YES_AGGRESSIVE;
				CLANG_CXX_LANGUAGE_STANDARD = "gnu++14";
				CLANG_CXX_LIBRARY = "libc++";
				CLANG_ENABLE_MODULES = YES;
				CLANG_ENABLE_OBJC_ARC = YES;
				CLANG_ENABLE_OBJC_WEAK = YES;
				CLANG_WARN_BLOCK_CAPTURE_AUTORELEASING = YES;
				CLANG_WARN_BOOL_CONVERSION = YES;
				CLANG_WARN_COMMA = YES;
				CLANG_WARN_CONSTANT_CONVERSION = YES;
				CLANG_WARN_DEPRECATED_OBJC_IMPLEMENTATIONS = YES;
				CLANG_WARN_DIRECT_OBJC_ISA_USAGE = YES_ERROR;
				CLANG_WARN_DOCUMENTATION_COMMENTS = YES;
				CLANG_WARN_EMPTY_BODY = YES;
				CLANG_WARN_ENUM_CONVERSION = YES;
				CLANG_WARN_INFINITE_RECURSION = YES;
				CLANG_WARN_INT_CONVERSION = YES;
				CLANG_WARN_NON_LITERAL_NULL_CONVERSION = YES;
				CLANG_WARN_OBJC_IMPLICIT_RETAIN_SELF = YES;
				CLANG_WARN_OBJC_LITERAL_CONVERSION = YES;
				CLANG_WARN_OBJC_ROOT_CLASS = YES_ERROR;
				CLANG_WARN_RANGE_LOOP_ANALYSIS = YES;
				CLANG_WARN_STRICT_PROTOTYPES = YES;
				CLANG_WARN_SUSPICIOUS_MOVE = YES;
				CLANG_WARN_UNGUARDED_AVAILABILITY = YES_AGGRESSIVE;
				CLANG_WARN_UNREACHABLE_CODE = YES;
				CLANG_WARN__DUPLICATE_METHOD_MATCH = YES;
				COPY_PHASE_STRIP = NO;
				CURRENT_PROJECT_VERSION = 1;
				DEBUG_INFORMATION_FORMAT = "dwarf-with-dsym";
				ENABLE_NS_ASSERTIONS = NO;
				ENABLE_STRICT_OBJC_MSGSEND = YES;
				GCC_C_LANGUAGE_STANDARD = gnu11;
				GCC_NO_COMMON_BLOCKS = YES;
				GCC_WARN_64_TO_32_BIT_CONVERSION = YES;
				GCC_WARN_ABOUT_RETURN_TYPE = YES_ERROR;
				GCC_WARN_UNDECLARED_SELECTOR = YES;
				GCC_WARN_UNINITIALIZED_AUTOS = YES_AGGRESSIVE;
				GCC_WARN_UNUSED_FUNCTION = YES;
				GCC_WARN_UNUSED_VARIABLE = YES;
				IPHONEOS_DEPLOYMENT_TARGET = 14.2;
				MTL_ENABLE_DEBUG_INFO = NO;
				MTL_FAST_MATH = YES;
				SDKROOT = iphoneos;
				SWIFT_COMPILATION_MODE = wholemodule;
				SWIFT_OPTIMIZATION_LEVEL = "-O";
				VALIDATE_PRODUCT = YES;
				VERSIONING_SYSTEM = "apple-generic";
				VERSION_INFO_PREFIX = "";
			};
			name = Release;
		};
		500DAF89239545A30081CC21 /* Debug */ = {
			isa = XCBuildConfiguration;
			buildSettings = {
				CLANG_ENABLE_MODULES = YES;
				CODE_SIGN_STYLE = Automatic;
				DEFINES_MODULE = YES;
				DEVELOPMENT_TEAM = 4677LHHJ5F;
				DYLIB_COMPATIBILITY_VERSION = 1;
				DYLIB_CURRENT_VERSION = 1;
				DYLIB_INSTALL_NAME_BASE = "@rpath";
				INFOPLIST_FILE = AdventOfCode/Info.plist;
				INSTALL_PATH = "$(LOCAL_LIBRARY_DIR)/Frameworks";
				LD_RUNPATH_SEARCH_PATHS = (
					"$(inherited)",
					"@executable_path/Frameworks",
					"@loader_path/Frameworks",
				);
				PRODUCT_BUNDLE_IDENTIFIER = com.ChrisThomas.AdventOfCode;
				PRODUCT_NAME = "$(TARGET_NAME:c99extidentifier)";
				SKIP_INSTALL = YES;
				SWIFT_OPTIMIZATION_LEVEL = "-Onone";
				SWIFT_VERSION = 5.0;
				TARGETED_DEVICE_FAMILY = "1,2";
			};
			name = Debug;
		};
		500DAF8A239545A30081CC21 /* Release */ = {
			isa = XCBuildConfiguration;
			buildSettings = {
				CLANG_ENABLE_MODULES = YES;
				CODE_SIGN_STYLE = Automatic;
				DEFINES_MODULE = YES;
				DEVELOPMENT_TEAM = 4677LHHJ5F;
				DYLIB_COMPATIBILITY_VERSION = 1;
				DYLIB_CURRENT_VERSION = 1;
				DYLIB_INSTALL_NAME_BASE = "@rpath";
				INFOPLIST_FILE = AdventOfCode/Info.plist;
				INSTALL_PATH = "$(LOCAL_LIBRARY_DIR)/Frameworks";
				LD_RUNPATH_SEARCH_PATHS = (
					"$(inherited)",
					"@executable_path/Frameworks",
					"@loader_path/Frameworks",
				);
				PRODUCT_BUNDLE_IDENTIFIER = com.ChrisThomas.AdventOfCode;
				PRODUCT_NAME = "$(TARGET_NAME:c99extidentifier)";
				SKIP_INSTALL = YES;
				SWIFT_VERSION = 5.0;
				TARGETED_DEVICE_FAMILY = "1,2";
			};
			name = Release;
		};
		500DAF8C239545A30081CC21 /* Debug */ = {
			isa = XCBuildConfiguration;
			buildSettings = {
				ALWAYS_EMBED_SWIFT_STANDARD_LIBRARIES = YES;
				CODE_SIGN_STYLE = Automatic;
				DEVELOPMENT_TEAM = 4677LHHJ5F;
				INFOPLIST_FILE = AdventOfCodeTests/Info.plist;
				LD_RUNPATH_SEARCH_PATHS = (
					"$(inherited)",
					"@executable_path/Frameworks",
					"@loader_path/Frameworks",
				);
				PRODUCT_BUNDLE_IDENTIFIER = com.ChrisThomas.AdventOfCodeTests;
				PRODUCT_NAME = "$(TARGET_NAME)";
				SWIFT_VERSION = 5.0;
				TARGETED_DEVICE_FAMILY = "1,2";
			};
			name = Debug;
		};
		500DAF8D239545A30081CC21 /* Release */ = {
			isa = XCBuildConfiguration;
			buildSettings = {
				ALWAYS_EMBED_SWIFT_STANDARD_LIBRARIES = YES;
				CODE_SIGN_STYLE = Automatic;
				DEVELOPMENT_TEAM = 4677LHHJ5F;
				INFOPLIST_FILE = AdventOfCodeTests/Info.plist;
				LD_RUNPATH_SEARCH_PATHS = (
					"$(inherited)",
					"@executable_path/Frameworks",
					"@loader_path/Frameworks",
				);
				PRODUCT_BUNDLE_IDENTIFIER = com.ChrisThomas.AdventOfCodeTests;
				PRODUCT_NAME = "$(TARGET_NAME)";
				SWIFT_VERSION = 5.0;
				TARGETED_DEVICE_FAMILY = "1,2";
			};
			name = Release;
		};
/* End XCBuildConfiguration section */

/* Begin XCConfigurationList section */
		500DAF6E239545A30081CC21 /* Build configuration list for PBXProject "AdventOfCode" */ = {
			isa = XCConfigurationList;
			buildConfigurations = (
				500DAF86239545A30081CC21 /* Debug */,
				500DAF87239545A30081CC21 /* Release */,
			);
			defaultConfigurationIsVisible = 0;
			defaultConfigurationName = Release;
		};
		500DAF88239545A30081CC21 /* Build configuration list for PBXNativeTarget "AdventOfCode" */ = {
			isa = XCConfigurationList;
			buildConfigurations = (
				500DAF89239545A30081CC21 /* Debug */,
				500DAF8A239545A30081CC21 /* Release */,
			);
			defaultConfigurationIsVisible = 0;
			defaultConfigurationName = Release;
		};
		500DAF8B239545A30081CC21 /* Build configuration list for PBXNativeTarget "AdventOfCodeTests" */ = {
			isa = XCConfigurationList;
			buildConfigurations = (
				500DAF8C239545A30081CC21 /* Debug */,
				500DAF8D239545A30081CC21 /* Release */,
			);
			defaultConfigurationIsVisible = 0;
			defaultConfigurationName = Release;
		};
/* End XCConfigurationList section */

/* Begin XCRemoteSwiftPackageReference section */
		50424ED825761FC300D77F8F /* XCRemoteSwiftPackageReference "swift-algorithms" */ = {
			isa = XCRemoteSwiftPackageReference;
			repositoryURL = "https://github.com/apple/swift-algorithms";
			requirement = {
				kind = upToNextMajorVersion;
				minimumVersion = 0.0.2;
			};
		};
/* End XCRemoteSwiftPackageReference section */

/* Begin XCSwiftPackageProductDependency section */
		50424ED925761FC300D77F8F /* Algorithms */ = {
			isa = XCSwiftPackageProductDependency;
			package = 50424ED825761FC300D77F8F /* XCRemoteSwiftPackageReference "swift-algorithms" */;
			productName = Algorithms;
		};
/* End XCSwiftPackageProductDependency section */
	};
	rootObject = 500DAF6B239545A30081CC21 /* Project object */;
}
